// !$*UTF8*$!
{
	archiveVersion = 1;
	classes = {
	};
	objectVersion = 55;
	objects = {

/* Begin PBXBuildFile section */
		099F3DDF578C5920C2A832E5 /* Pods_IdusCloneTests.framework in Frameworks */ = {isa = PBXBuildFile; fileRef = 812AF351AB8C5FC865A590FB /* Pods_IdusCloneTests.framework */; };
		1726D95B2868BA9800C5B0E5 /* BottomSheetViewController.swift in Sources */ = {isa = PBXBuildFile; fileRef = 1726D95A2868BA9800C5B0E5 /* BottomSheetViewController.swift */; };
		172B6878286EB84E002B697A /* MemberLoginDataManager.swift in Sources */ = {isa = PBXBuildFile; fileRef = 172B6877286EB84E002B697A /* MemberLoginDataManager.swift */; };
		172B687A286EB85F002B697A /* MemberLoginInput.swift in Sources */ = {isa = PBXBuildFile; fileRef = 172B6879286EB85F002B697A /* MemberLoginInput.swift */; };
		172B687C286EB86A002B697A /* MemberLoginEntity.swift in Sources */ = {isa = PBXBuildFile; fileRef = 172B687B286EB869002B697A /* MemberLoginEntity.swift */; };
		172B6881286ED0CC002B697A /* SmallIconCollectionViewCell.swift in Sources */ = {isa = PBXBuildFile; fileRef = 172B687F286ED0CC002B697A /* SmallIconCollectionViewCell.swift */; };
		172B6882286ED0CC002B697A /* SmallIconCollectionViewCell.xib in Resources */ = {isa = PBXBuildFile; fileRef = 172B6880286ED0CC002B697A /* SmallIconCollectionViewCell.xib */; };
		172B6885286ED34D002B697A /* SmallIconTableViewCell.swift in Sources */ = {isa = PBXBuildFile; fileRef = 172B6883286ED34D002B697A /* SmallIconTableViewCell.swift */; };
		172B6886286ED34D002B697A /* SmallIconTableViewCell.xib in Resources */ = {isa = PBXBuildFile; fileRef = 172B6884286ED34D002B697A /* SmallIconTableViewCell.xib */; };
		172B688B286EEE1D002B697A /* ProductTableViewCell.swift in Sources */ = {isa = PBXBuildFile; fileRef = 172B6889286EEE1D002B697A /* ProductTableViewCell.swift */; };
		172B688C286EEE1D002B697A /* ProductTableViewCell.xib in Resources */ = {isa = PBXBuildFile; fileRef = 172B688A286EEE1D002B697A /* ProductTableViewCell.xib */; };
		172B688F286EEE2C002B697A /* ProductCollectionViewCell.swift in Sources */ = {isa = PBXBuildFile; fileRef = 172B688D286EEE2C002B697A /* ProductCollectionViewCell.swift */; };
		172B6890286EEE2C002B697A /* ProductCollectionViewCell.xib in Resources */ = {isa = PBXBuildFile; fileRef = 172B688E286EEE2C002B697A /* ProductCollectionViewCell.xib */; };
		172B6894286F29BC002B697A /* RelatedProductCollectionViewCell.swift in Sources */ = {isa = PBXBuildFile; fileRef = 172B6892286F29BC002B697A /* RelatedProductCollectionViewCell.swift */; };
		172B6895286F29BC002B697A /* RelatedProductCollectionViewCell.xib in Resources */ = {isa = PBXBuildFile; fileRef = 172B6893286F29BC002B697A /* RelatedProductCollectionViewCell.xib */; };
		172B6898286F29DC002B697A /* RelatedProductTableViewCell.swift in Sources */ = {isa = PBXBuildFile; fileRef = 172B6896286F29DC002B697A /* RelatedProductTableViewCell.swift */; };
		172B6899286F29DC002B697A /* RelatedProductTableViewCell.xib in Resources */ = {isa = PBXBuildFile; fileRef = 172B6897286F29DC002B697A /* RelatedProductTableViewCell.xib */; };
		172B689C28703F00002B697A /* TodayDataManager.swift in Sources */ = {isa = PBXBuildFile; fileRef = 172B689B28703F00002B697A /* TodayDataManager.swift */; };
		172B689F28703F48002B697A /* TodayEntity.swift in Sources */ = {isa = PBXBuildFile; fileRef = 172B689E28703F48002B697A /* TodayEntity.swift */; };
		172B68A1287061BF002B697A /* UIImageView.swift in Sources */ = {isa = PBXBuildFile; fileRef = 172B68A0287061BF002B697A /* UIImageView.swift */; };
		172B68A5287074C2002B697A /* ReviewTableViewCell.swift in Sources */ = {isa = PBXBuildFile; fileRef = 172B68A3287074C2002B697A /* ReviewTableViewCell.swift */; };
		172B68A6287074C2002B697A /* ReviewTableViewCell.xib in Resources */ = {isa = PBXBuildFile; fileRef = 172B68A4287074C2002B697A /* ReviewTableViewCell.xib */; };
		172B68A9287074D5002B697A /* ReviewCollectionViewCell.swift in Sources */ = {isa = PBXBuildFile; fileRef = 172B68A7287074D5002B697A /* ReviewCollectionViewCell.swift */; };
		172B68AA287074D5002B697A /* ReviewCollectionViewCell.xib in Resources */ = {isa = PBXBuildFile; fileRef = 172B68A8287074D5002B697A /* ReviewCollectionViewCell.xib */; };
		174384852872FB140076E78B /* RealTimeView.storyboard in Resources */ = {isa = PBXBuildFile; fileRef = 174384842872FB140076E78B /* RealTimeView.storyboard */; };
		17438489287307020076E78B /* RealTimeTableViewCell.swift in Sources */ = {isa = PBXBuildFile; fileRef = 17438487287307020076E78B /* RealTimeTableViewCell.swift */; };
		1743848A287307020076E78B /* RealTimeTableViewCell.xib in Resources */ = {isa = PBXBuildFile; fileRef = 17438488287307020076E78B /* RealTimeTableViewCell.xib */; };
		1743848D287307170076E78B /* RealTimeCollectionViewCell.swift in Sources */ = {isa = PBXBuildFile; fileRef = 1743848B287307170076E78B /* RealTimeCollectionViewCell.swift */; };
		1743848E287307170076E78B /* RealTimeCollectionViewCell.xib in Resources */ = {isa = PBXBuildFile; fileRef = 1743848C287307170076E78B /* RealTimeCollectionViewCell.xib */; };
		17438492287338C50076E78B /* RealTimeDataManager.swift in Sources */ = {isa = PBXBuildFile; fileRef = 17438491287338C50076E78B /* RealTimeDataManager.swift */; };
		1743849428733C290076E78B /* RealTimeEntity.swift in Sources */ = {isa = PBXBuildFile; fileRef = 1743849328733C290076E78B /* RealTimeEntity.swift */; };
		17438497287356870076E78B /* RealTimeHeaderTableViewCell.swift in Sources */ = {isa = PBXBuildFile; fileRef = 17438495287356870076E78B /* RealTimeHeaderTableViewCell.swift */; };
		17438498287356870076E78B /* RealTimeHeaderTableViewCell.xib in Resources */ = {isa = PBXBuildFile; fileRef = 17438496287356870076E78B /* RealTimeHeaderTableViewCell.xib */; };
		1771D484286AE79A0066F139 /* BannerCollectionViewCell.swift in Sources */ = {isa = PBXBuildFile; fileRef = 1771D483286AE79A0066F139 /* BannerCollectionViewCell.swift */; };
		1771D486286C561F0066F139 /* ClassTabViewController.swift in Sources */ = {isa = PBXBuildFile; fileRef = 1771D485286C561E0066F139 /* ClassTabViewController.swift */; };
		1771D48A286C56AC0066F139 /* OnlineViewController.swift in Sources */ = {isa = PBXBuildFile; fileRef = 1771D489286C56AC0066F139 /* OnlineViewController.swift */; };
		1771D48C286C56BC0066F139 /* OnlineView.storyboard in Resources */ = {isa = PBXBuildFile; fileRef = 1771D48B286C56BC0066F139 /* OnlineView.storyboard */; };
		1771D48E286C56CA0066F139 /* OfflineView.storyboard in Resources */ = {isa = PBXBuildFile; fileRef = 1771D48D286C56CA0066F139 /* OfflineView.storyboard */; };
		1771D490286C56FF0066F139 /* OfflineViewController.swift in Sources */ = {isa = PBXBuildFile; fileRef = 1771D48F286C56FF0066F139 /* OfflineViewController.swift */; };
		1771D492286C6BCC0066F139 /* EmailRegisterDataManager.swift in Sources */ = {isa = PBXBuildFile; fileRef = 1771D491286C6BCB0066F139 /* EmailRegisterDataManager.swift */; };
		1771D494286C70550066F139 /* EmailRegisterEntity.swift in Sources */ = {isa = PBXBuildFile; fileRef = 1771D493286C70550066F139 /* EmailRegisterEntity.swift */; };
		1771D496286C70AE0066F139 /* EmailRegisterInput.swift in Sources */ = {isa = PBXBuildFile; fileRef = 1771D495286C70AE0066F139 /* EmailRegisterInput.swift */; };
		1771D499286C73CB0066F139 /* IndicatorView.swift in Sources */ = {isa = PBXBuildFile; fileRef = 1771D498286C73CB0066F139 /* IndicatorView.swift */; };
		17E406D52868D5630006DFF4 /* EmailRegisterViewController.swift in Sources */ = {isa = PBXBuildFile; fileRef = 17E406D32868D5630006DFF4 /* EmailRegisterViewController.swift */; };
		17E406D62868D5640006DFF4 /* EmailRegisterViewController.xib in Resources */ = {isa = PBXBuildFile; fileRef = 17E406D42868D5630006DFF4 /* EmailRegisterViewController.xib */; };
		17E406D92869009D0006DFF4 /* UIImage.swift in Sources */ = {isa = PBXBuildFile; fileRef = 17E406D82869009D0006DFF4 /* UIImage.swift */; };
		17E406E928698D6F0006DFF4 /* MemberLoginViewController.swift in Sources */ = {isa = PBXBuildFile; fileRef = 17E406E728698D6F0006DFF4 /* MemberLoginViewController.swift */; };
		17E406EA28698D6F0006DFF4 /* MemberLoginViewController.xib in Resources */ = {isa = PBXBuildFile; fileRef = 17E406E828698D6F0006DFF4 /* MemberLoginViewController.xib */; };
		17E406EE2869957B0006DFF4 /* BaseStoryBoard.storyboard in Resources */ = {isa = PBXBuildFile; fileRef = 17E406ED2869957B0006DFF4 /* BaseStoryBoard.storyboard */; };
		17E406F0286996000006DFF4 /* WorkView.storyboard in Resources */ = {isa = PBXBuildFile; fileRef = 17E406EF286996000006DFF4 /* WorkView.storyboard */; };
		17E406F6286996440006DFF4 /* ClassView.storyboard in Resources */ = {isa = PBXBuildFile; fileRef = 17E406F5286996440006DFF4 /* ClassView.storyboard */; };
		17E406F82869965B0006DFF4 /* SearchView.storyboard in Resources */ = {isa = PBXBuildFile; fileRef = 17E406F72869965B0006DFF4 /* SearchView.storyboard */; };
		17E406FA286996640006DFF4 /* CategoryView.storyboard in Resources */ = {isa = PBXBuildFile; fileRef = 17E406F9286996640006DFF4 /* CategoryView.storyboard */; };
		17E406FC2869966E0006DFF4 /* MyInfoView.storyboard in Resources */ = {isa = PBXBuildFile; fileRef = 17E406FB2869966E0006DFF4 /* MyInfoView.storyboard */; };
		17E406FE2869968A0006DFF4 /* MyInfoViewController.swift in Sources */ = {isa = PBXBuildFile; fileRef = 17E406FD2869968A0006DFF4 /* MyInfoViewController.swift */; };
		17E407002869969A0006DFF4 /* CategoryViewController.swift in Sources */ = {isa = PBXBuildFile; fileRef = 17E406FF2869969A0006DFF4 /* CategoryViewController.swift */; };
		17E40702286996A50006DFF4 /* SearchViewController.swift in Sources */ = {isa = PBXBuildFile; fileRef = 17E40701286996A50006DFF4 /* SearchViewController.swift */; };
		17E40704286996AD0006DFF4 /* ClassViewController.swift in Sources */ = {isa = PBXBuildFile; fileRef = 17E40703286996AD0006DFF4 /* ClassViewController.swift */; };
		17E40706286996BB0006DFF4 /* WorkViewController.swift in Sources */ = {isa = PBXBuildFile; fileRef = 17E40705286996BB0006DFF4 /* WorkViewController.swift */; };
		17E407082869A6DE0006DFF4 /* UIViewController.swift in Sources */ = {isa = PBXBuildFile; fileRef = 17E407072869A6DE0006DFF4 /* UIViewController.swift */; };
		17E40711286A18360006DFF4 /* WorkTabViewController.swift in Sources */ = {isa = PBXBuildFile; fileRef = 17E40710286A18360006DFF4 /* WorkTabViewController.swift */; };
		17E40717286A1A510006DFF4 /* TodayViewController.swift in Sources */ = {isa = PBXBuildFile; fileRef = 17E40715286A1A510006DFF4 /* TodayViewController.swift */; };
		17E4071B286A1A600006DFF4 /* RealTimeViewController.swift in Sources */ = {isa = PBXBuildFile; fileRef = 17E40719286A1A600006DFF4 /* RealTimeViewController.swift */; };
		17E4071F286A1A6E0006DFF4 /* NewViewController.swift in Sources */ = {isa = PBXBuildFile; fileRef = 17E4071D286A1A6E0006DFF4 /* NewViewController.swift */; };
		17E40720286A1A6E0006DFF4 /* NewViewController.xib in Resources */ = {isa = PBXBuildFile; fileRef = 17E4071E286A1A6E0006DFF4 /* NewViewController.xib */; };
		17E40722286A25430006DFF4 /* TodayView.storyboard in Resources */ = {isa = PBXBuildFile; fileRef = 17E40721286A25430006DFF4 /* TodayView.storyboard */; };
		17F0D7202868543A00CF1A1B /* AppDelegate.swift in Sources */ = {isa = PBXBuildFile; fileRef = 17F0D71F2868543A00CF1A1B /* AppDelegate.swift */; };
		17F0D7222868543A00CF1A1B /* SceneDelegate.swift in Sources */ = {isa = PBXBuildFile; fileRef = 17F0D7212868543A00CF1A1B /* SceneDelegate.swift */; };
		17F0D7242868543A00CF1A1B /* ViewController.swift in Sources */ = {isa = PBXBuildFile; fileRef = 17F0D7232868543A00CF1A1B /* ViewController.swift */; };
		17F0D7272868543A00CF1A1B /* Splash.storyboard in Resources */ = {isa = PBXBuildFile; fileRef = 17F0D7252868543A00CF1A1B /* Splash.storyboard */; };
		17F0D72A2868543A00CF1A1B /* IdusClone.xcdatamodeld in Sources */ = {isa = PBXBuildFile; fileRef = 17F0D7282868543A00CF1A1B /* IdusClone.xcdatamodeld */; };
		17F0D72C2868543E00CF1A1B /* Assets.xcassets in Resources */ = {isa = PBXBuildFile; fileRef = 17F0D72B2868543E00CF1A1B /* Assets.xcassets */; };
		17F0D73A2868543E00CF1A1B /* IdusCloneTests.swift in Sources */ = {isa = PBXBuildFile; fileRef = 17F0D7392868543E00CF1A1B /* IdusCloneTests.swift */; };
		17F0D7442868543E00CF1A1B /* IdusCloneUITests.swift in Sources */ = {isa = PBXBuildFile; fileRef = 17F0D7432868543E00CF1A1B /* IdusCloneUITests.swift */; };
		17F0D7462868543E00CF1A1B /* IdusCloneUITestsLaunchTests.swift in Sources */ = {isa = PBXBuildFile; fileRef = 17F0D7452868543E00CF1A1B /* IdusCloneUITestsLaunchTests.swift */; };
		17F0D755286855D000CF1A1B /* Constant.swift in Sources */ = {isa = PBXBuildFile; fileRef = 17F0D754286855D000CF1A1B /* Constant.swift */; };
		17F0D7592868565800CF1A1B /* SplashViewController.swift in Sources */ = {isa = PBXBuildFile; fileRef = 17F0D7582868565800CF1A1B /* SplashViewController.swift */; };
		17F0D75B286856A800CF1A1B /* LogInView.storyboard in Resources */ = {isa = PBXBuildFile; fileRef = 17F0D75A286856A800CF1A1B /* LogInView.storyboard */; };
		17F0D75D286856B900CF1A1B /* LogInViewController.swift in Sources */ = {isa = PBXBuildFile; fileRef = 17F0D75C286856B900CF1A1B /* LogInViewController.swift */; };
		9F0627392A45ED03D9C6370E /* Pods_IdusClone_IdusCloneUITests.framework in Frameworks */ = {isa = PBXBuildFile; fileRef = 5A12C966BC70344B44BED23F /* Pods_IdusClone_IdusCloneUITests.framework */; };
		EE61A2D02BB8FCB5971A3BF4 /* Pods_IdusClone.framework in Frameworks */ = {isa = PBXBuildFile; fileRef = 1577374A859C3039803769A1 /* Pods_IdusClone.framework */; };
/* End PBXBuildFile section */

/* Begin PBXContainerItemProxy section */
		17F0D7362868543E00CF1A1B /* PBXContainerItemProxy */ = {
			isa = PBXContainerItemProxy;
			containerPortal = 17F0D7142868543A00CF1A1B /* Project object */;
			proxyType = 1;
			remoteGlobalIDString = 17F0D71B2868543A00CF1A1B;
			remoteInfo = IdusClone;
		};
		17F0D7402868543E00CF1A1B /* PBXContainerItemProxy */ = {
			isa = PBXContainerItemProxy;
			containerPortal = 17F0D7142868543A00CF1A1B /* Project object */;
			proxyType = 1;
			remoteGlobalIDString = 17F0D71B2868543A00CF1A1B;
			remoteInfo = IdusClone;
		};
/* End PBXContainerItemProxy section */

/* Begin PBXFileReference section */
		0BCC9586F3C050EBB5FC7673 /* Pods-IdusCloneTests.release.xcconfig */ = {isa = PBXFileReference; includeInIndex = 1; lastKnownFileType = text.xcconfig; name = "Pods-IdusCloneTests.release.xcconfig"; path = "Target Support Files/Pods-IdusCloneTests/Pods-IdusCloneTests.release.xcconfig"; sourceTree = "<group>"; };
		1577374A859C3039803769A1 /* Pods_IdusClone.framework */ = {isa = PBXFileReference; explicitFileType = wrapper.framework; includeInIndex = 0; path = Pods_IdusClone.framework; sourceTree = BUILT_PRODUCTS_DIR; };
		1726D95A2868BA9800C5B0E5 /* BottomSheetViewController.swift */ = {isa = PBXFileReference; lastKnownFileType = sourcecode.swift; path = BottomSheetViewController.swift; sourceTree = "<group>"; };
		172B6877286EB84E002B697A /* MemberLoginDataManager.swift */ = {isa = PBXFileReference; lastKnownFileType = sourcecode.swift; path = MemberLoginDataManager.swift; sourceTree = "<group>"; };
		172B6879286EB85F002B697A /* MemberLoginInput.swift */ = {isa = PBXFileReference; lastKnownFileType = sourcecode.swift; path = MemberLoginInput.swift; sourceTree = "<group>"; };
		172B687B286EB869002B697A /* MemberLoginEntity.swift */ = {isa = PBXFileReference; lastKnownFileType = sourcecode.swift; path = MemberLoginEntity.swift; sourceTree = "<group>"; };
		172B687F286ED0CC002B697A /* SmallIconCollectionViewCell.swift */ = {isa = PBXFileReference; lastKnownFileType = sourcecode.swift; path = SmallIconCollectionViewCell.swift; sourceTree = "<group>"; };
		172B6880286ED0CC002B697A /* SmallIconCollectionViewCell.xib */ = {isa = PBXFileReference; lastKnownFileType = file.xib; path = SmallIconCollectionViewCell.xib; sourceTree = "<group>"; };
		172B6883286ED34D002B697A /* SmallIconTableViewCell.swift */ = {isa = PBXFileReference; lastKnownFileType = sourcecode.swift; path = SmallIconTableViewCell.swift; sourceTree = "<group>"; };
		172B6884286ED34D002B697A /* SmallIconTableViewCell.xib */ = {isa = PBXFileReference; lastKnownFileType = file.xib; path = SmallIconTableViewCell.xib; sourceTree = "<group>"; };
		172B6889286EEE1D002B697A /* ProductTableViewCell.swift */ = {isa = PBXFileReference; lastKnownFileType = sourcecode.swift; path = ProductTableViewCell.swift; sourceTree = "<group>"; };
		172B688A286EEE1D002B697A /* ProductTableViewCell.xib */ = {isa = PBXFileReference; lastKnownFileType = file.xib; path = ProductTableViewCell.xib; sourceTree = "<group>"; };
		172B688D286EEE2C002B697A /* ProductCollectionViewCell.swift */ = {isa = PBXFileReference; lastKnownFileType = sourcecode.swift; path = ProductCollectionViewCell.swift; sourceTree = "<group>"; };
		172B688E286EEE2C002B697A /* ProductCollectionViewCell.xib */ = {isa = PBXFileReference; lastKnownFileType = file.xib; path = ProductCollectionViewCell.xib; sourceTree = "<group>"; };
		172B6892286F29BC002B697A /* RelatedProductCollectionViewCell.swift */ = {isa = PBXFileReference; lastKnownFileType = sourcecode.swift; path = RelatedProductCollectionViewCell.swift; sourceTree = "<group>"; };
		172B6893286F29BC002B697A /* RelatedProductCollectionViewCell.xib */ = {isa = PBXFileReference; lastKnownFileType = file.xib; path = RelatedProductCollectionViewCell.xib; sourceTree = "<group>"; };
		172B6896286F29DC002B697A /* RelatedProductTableViewCell.swift */ = {isa = PBXFileReference; lastKnownFileType = sourcecode.swift; path = RelatedProductTableViewCell.swift; sourceTree = "<group>"; };
		172B6897286F29DC002B697A /* RelatedProductTableViewCell.xib */ = {isa = PBXFileReference; lastKnownFileType = file.xib; path = RelatedProductTableViewCell.xib; sourceTree = "<group>"; };
		172B689B28703F00002B697A /* TodayDataManager.swift */ = {isa = PBXFileReference; lastKnownFileType = sourcecode.swift; path = TodayDataManager.swift; sourceTree = "<group>"; };
		172B689E28703F48002B697A /* TodayEntity.swift */ = {isa = PBXFileReference; lastKnownFileType = sourcecode.swift; path = TodayEntity.swift; sourceTree = "<group>"; };
		172B68A0287061BF002B697A /* UIImageView.swift */ = {isa = PBXFileReference; lastKnownFileType = sourcecode.swift; path = UIImageView.swift; sourceTree = "<group>"; };
		172B68A3287074C2002B697A /* ReviewTableViewCell.swift */ = {isa = PBXFileReference; lastKnownFileType = sourcecode.swift; path = ReviewTableViewCell.swift; sourceTree = "<group>"; };
		172B68A4287074C2002B697A /* ReviewTableViewCell.xib */ = {isa = PBXFileReference; lastKnownFileType = file.xib; path = ReviewTableViewCell.xib; sourceTree = "<group>"; };
		172B68A7287074D5002B697A /* ReviewCollectionViewCell.swift */ = {isa = PBXFileReference; lastKnownFileType = sourcecode.swift; path = ReviewCollectionViewCell.swift; sourceTree = "<group>"; };
		172B68A8287074D5002B697A /* ReviewCollectionViewCell.xib */ = {isa = PBXFileReference; lastKnownFileType = file.xib; path = ReviewCollectionViewCell.xib; sourceTree = "<group>"; };
		174384842872FB140076E78B /* RealTimeView.storyboard */ = {isa = PBXFileReference; lastKnownFileType = file.storyboard; path = RealTimeView.storyboard; sourceTree = "<group>"; };
		17438487287307020076E78B /* RealTimeTableViewCell.swift */ = {isa = PBXFileReference; lastKnownFileType = sourcecode.swift; path = RealTimeTableViewCell.swift; sourceTree = "<group>"; };
		17438488287307020076E78B /* RealTimeTableViewCell.xib */ = {isa = PBXFileReference; lastKnownFileType = file.xib; path = RealTimeTableViewCell.xib; sourceTree = "<group>"; };
		1743848B287307170076E78B /* RealTimeCollectionViewCell.swift */ = {isa = PBXFileReference; lastKnownFileType = sourcecode.swift; path = RealTimeCollectionViewCell.swift; sourceTree = "<group>"; };
		1743848C287307170076E78B /* RealTimeCollectionViewCell.xib */ = {isa = PBXFileReference; lastKnownFileType = file.xib; path = RealTimeCollectionViewCell.xib; sourceTree = "<group>"; };
		17438491287338C50076E78B /* RealTimeDataManager.swift */ = {isa = PBXFileReference; lastKnownFileType = sourcecode.swift; path = RealTimeDataManager.swift; sourceTree = "<group>"; };
		1743849328733C290076E78B /* RealTimeEntity.swift */ = {isa = PBXFileReference; lastKnownFileType = sourcecode.swift; path = RealTimeEntity.swift; sourceTree = "<group>"; };
		17438495287356870076E78B /* RealTimeHeaderTableViewCell.swift */ = {isa = PBXFileReference; lastKnownFileType = sourcecode.swift; path = RealTimeHeaderTableViewCell.swift; sourceTree = "<group>"; };
		17438496287356870076E78B /* RealTimeHeaderTableViewCell.xib */ = {isa = PBXFileReference; lastKnownFileType = file.xib; path = RealTimeHeaderTableViewCell.xib; sourceTree = "<group>"; };
		1771D483286AE79A0066F139 /* BannerCollectionViewCell.swift */ = {isa = PBXFileReference; lastKnownFileType = sourcecode.swift; path = BannerCollectionViewCell.swift; sourceTree = "<group>"; };
		1771D485286C561E0066F139 /* ClassTabViewController.swift */ = {isa = PBXFileReference; lastKnownFileType = sourcecode.swift; path = ClassTabViewController.swift; sourceTree = "<group>"; };
		1771D489286C56AC0066F139 /* OnlineViewController.swift */ = {isa = PBXFileReference; lastKnownFileType = sourcecode.swift; path = OnlineViewController.swift; sourceTree = "<group>"; };
		1771D48B286C56BC0066F139 /* OnlineView.storyboard */ = {isa = PBXFileReference; lastKnownFileType = file.storyboard; path = OnlineView.storyboard; sourceTree = "<group>"; };
		1771D48D286C56CA0066F139 /* OfflineView.storyboard */ = {isa = PBXFileReference; lastKnownFileType = file.storyboard; path = OfflineView.storyboard; sourceTree = "<group>"; };
		1771D48F286C56FF0066F139 /* OfflineViewController.swift */ = {isa = PBXFileReference; lastKnownFileType = sourcecode.swift; path = OfflineViewController.swift; sourceTree = "<group>"; };
		1771D491286C6BCB0066F139 /* EmailRegisterDataManager.swift */ = {isa = PBXFileReference; lastKnownFileType = sourcecode.swift; path = EmailRegisterDataManager.swift; sourceTree = "<group>"; };
		1771D493286C70550066F139 /* EmailRegisterEntity.swift */ = {isa = PBXFileReference; lastKnownFileType = sourcecode.swift; path = EmailRegisterEntity.swift; sourceTree = "<group>"; };
		1771D495286C70AE0066F139 /* EmailRegisterInput.swift */ = {isa = PBXFileReference; lastKnownFileType = sourcecode.swift; path = EmailRegisterInput.swift; sourceTree = "<group>"; };
		1771D498286C73CB0066F139 /* IndicatorView.swift */ = {isa = PBXFileReference; lastKnownFileType = sourcecode.swift; path = IndicatorView.swift; sourceTree = "<group>"; };
		17E406D32868D5630006DFF4 /* EmailRegisterViewController.swift */ = {isa = PBXFileReference; lastKnownFileType = sourcecode.swift; path = EmailRegisterViewController.swift; sourceTree = "<group>"; };
		17E406D42868D5630006DFF4 /* EmailRegisterViewController.xib */ = {isa = PBXFileReference; lastKnownFileType = file.xib; path = EmailRegisterViewController.xib; sourceTree = "<group>"; };
		17E406D82869009D0006DFF4 /* UIImage.swift */ = {isa = PBXFileReference; lastKnownFileType = sourcecode.swift; path = UIImage.swift; sourceTree = "<group>"; };
		17E406E728698D6F0006DFF4 /* MemberLoginViewController.swift */ = {isa = PBXFileReference; lastKnownFileType = sourcecode.swift; path = MemberLoginViewController.swift; sourceTree = "<group>"; };
		17E406E828698D6F0006DFF4 /* MemberLoginViewController.xib */ = {isa = PBXFileReference; lastKnownFileType = file.xib; path = MemberLoginViewController.xib; sourceTree = "<group>"; };
		17E406ED2869957B0006DFF4 /* BaseStoryBoard.storyboard */ = {isa = PBXFileReference; lastKnownFileType = file.storyboard; path = BaseStoryBoard.storyboard; sourceTree = "<group>"; };
		17E406EF286996000006DFF4 /* WorkView.storyboard */ = {isa = PBXFileReference; lastKnownFileType = file.storyboard; path = WorkView.storyboard; sourceTree = "<group>"; };
		17E406F5286996440006DFF4 /* ClassView.storyboard */ = {isa = PBXFileReference; lastKnownFileType = file.storyboard; path = ClassView.storyboard; sourceTree = "<group>"; };
		17E406F72869965B0006DFF4 /* SearchView.storyboard */ = {isa = PBXFileReference; lastKnownFileType = file.storyboard; path = SearchView.storyboard; sourceTree = "<group>"; };
		17E406F9286996640006DFF4 /* CategoryView.storyboard */ = {isa = PBXFileReference; lastKnownFileType = file.storyboard; path = CategoryView.storyboard; sourceTree = "<group>"; };
		17E406FB2869966E0006DFF4 /* MyInfoView.storyboard */ = {isa = PBXFileReference; lastKnownFileType = file.storyboard; path = MyInfoView.storyboard; sourceTree = "<group>"; };
		17E406FD2869968A0006DFF4 /* MyInfoViewController.swift */ = {isa = PBXFileReference; lastKnownFileType = sourcecode.swift; path = MyInfoViewController.swift; sourceTree = "<group>"; };
		17E406FF2869969A0006DFF4 /* CategoryViewController.swift */ = {isa = PBXFileReference; lastKnownFileType = sourcecode.swift; path = CategoryViewController.swift; sourceTree = "<group>"; };
		17E40701286996A50006DFF4 /* SearchViewController.swift */ = {isa = PBXFileReference; lastKnownFileType = sourcecode.swift; path = SearchViewController.swift; sourceTree = "<group>"; };
		17E40703286996AD0006DFF4 /* ClassViewController.swift */ = {isa = PBXFileReference; lastKnownFileType = sourcecode.swift; path = ClassViewController.swift; sourceTree = "<group>"; };
		17E40705286996BB0006DFF4 /* WorkViewController.swift */ = {isa = PBXFileReference; lastKnownFileType = sourcecode.swift; path = WorkViewController.swift; sourceTree = "<group>"; };
		17E407072869A6DE0006DFF4 /* UIViewController.swift */ = {isa = PBXFileReference; lastKnownFileType = sourcecode.swift; path = UIViewController.swift; sourceTree = "<group>"; };
		17E40710286A18360006DFF4 /* WorkTabViewController.swift */ = {isa = PBXFileReference; lastKnownFileType = sourcecode.swift; path = WorkTabViewController.swift; sourceTree = "<group>"; };
		17E40715286A1A510006DFF4 /* TodayViewController.swift */ = {isa = PBXFileReference; lastKnownFileType = sourcecode.swift; path = TodayViewController.swift; sourceTree = "<group>"; };
		17E40719286A1A600006DFF4 /* RealTimeViewController.swift */ = {isa = PBXFileReference; lastKnownFileType = sourcecode.swift; path = RealTimeViewController.swift; sourceTree = "<group>"; };
		17E4071D286A1A6E0006DFF4 /* NewViewController.swift */ = {isa = PBXFileReference; lastKnownFileType = sourcecode.swift; path = NewViewController.swift; sourceTree = "<group>"; };
		17E4071E286A1A6E0006DFF4 /* NewViewController.xib */ = {isa = PBXFileReference; lastKnownFileType = file.xib; path = NewViewController.xib; sourceTree = "<group>"; };
		17E40721286A25430006DFF4 /* TodayView.storyboard */ = {isa = PBXFileReference; lastKnownFileType = file.storyboard; path = TodayView.storyboard; sourceTree = "<group>"; };
		17F0D71C2868543A00CF1A1B /* IdusClone.app */ = {isa = PBXFileReference; explicitFileType = wrapper.application; includeInIndex = 0; path = IdusClone.app; sourceTree = BUILT_PRODUCTS_DIR; };
		17F0D71F2868543A00CF1A1B /* AppDelegate.swift */ = {isa = PBXFileReference; lastKnownFileType = sourcecode.swift; path = AppDelegate.swift; sourceTree = "<group>"; };
		17F0D7212868543A00CF1A1B /* SceneDelegate.swift */ = {isa = PBXFileReference; lastKnownFileType = sourcecode.swift; path = SceneDelegate.swift; sourceTree = "<group>"; };
		17F0D7232868543A00CF1A1B /* ViewController.swift */ = {isa = PBXFileReference; lastKnownFileType = sourcecode.swift; path = ViewController.swift; sourceTree = "<group>"; };
		17F0D7262868543A00CF1A1B /* Base */ = {isa = PBXFileReference; lastKnownFileType = file.storyboard; name = Base; path = Base.lproj/Splash.storyboard; sourceTree = "<group>"; };
		17F0D7292868543A00CF1A1B /* IdusClone.xcdatamodel */ = {isa = PBXFileReference; lastKnownFileType = wrapper.xcdatamodel; path = IdusClone.xcdatamodel; sourceTree = "<group>"; };
		17F0D72B2868543E00CF1A1B /* Assets.xcassets */ = {isa = PBXFileReference; lastKnownFileType = folder.assetcatalog; path = Assets.xcassets; sourceTree = "<group>"; };
		17F0D7302868543E00CF1A1B /* Info.plist */ = {isa = PBXFileReference; lastKnownFileType = text.plist.xml; path = Info.plist; sourceTree = "<group>"; };
		17F0D7352868543E00CF1A1B /* IdusCloneTests.xctest */ = {isa = PBXFileReference; explicitFileType = wrapper.cfbundle; includeInIndex = 0; path = IdusCloneTests.xctest; sourceTree = BUILT_PRODUCTS_DIR; };
		17F0D7392868543E00CF1A1B /* IdusCloneTests.swift */ = {isa = PBXFileReference; lastKnownFileType = sourcecode.swift; path = IdusCloneTests.swift; sourceTree = "<group>"; };
		17F0D73F2868543E00CF1A1B /* IdusCloneUITests.xctest */ = {isa = PBXFileReference; explicitFileType = wrapper.cfbundle; includeInIndex = 0; path = IdusCloneUITests.xctest; sourceTree = BUILT_PRODUCTS_DIR; };
		17F0D7432868543E00CF1A1B /* IdusCloneUITests.swift */ = {isa = PBXFileReference; lastKnownFileType = sourcecode.swift; path = IdusCloneUITests.swift; sourceTree = "<group>"; };
		17F0D7452868543E00CF1A1B /* IdusCloneUITestsLaunchTests.swift */ = {isa = PBXFileReference; lastKnownFileType = sourcecode.swift; path = IdusCloneUITestsLaunchTests.swift; sourceTree = "<group>"; };
		17F0D754286855D000CF1A1B /* Constant.swift */ = {isa = PBXFileReference; lastKnownFileType = sourcecode.swift; path = Constant.swift; sourceTree = "<group>"; };
		17F0D7582868565800CF1A1B /* SplashViewController.swift */ = {isa = PBXFileReference; lastKnownFileType = sourcecode.swift; path = SplashViewController.swift; sourceTree = "<group>"; };
		17F0D75A286856A800CF1A1B /* LogInView.storyboard */ = {isa = PBXFileReference; lastKnownFileType = file.storyboard; path = LogInView.storyboard; sourceTree = "<group>"; };
		17F0D75C286856B900CF1A1B /* LogInViewController.swift */ = {isa = PBXFileReference; lastKnownFileType = sourcecode.swift; path = LogInViewController.swift; sourceTree = "<group>"; };
		2665CC38FDF6691A8ACAED2C /* Pods-IdusClone-IdusCloneUITests.debug.xcconfig */ = {isa = PBXFileReference; includeInIndex = 1; lastKnownFileType = text.xcconfig; name = "Pods-IdusClone-IdusCloneUITests.debug.xcconfig"; path = "Target Support Files/Pods-IdusClone-IdusCloneUITests/Pods-IdusClone-IdusCloneUITests.debug.xcconfig"; sourceTree = "<group>"; };
		2DE60D8EA0953BA5B62003E5 /* Pods-IdusClone.release.xcconfig */ = {isa = PBXFileReference; includeInIndex = 1; lastKnownFileType = text.xcconfig; name = "Pods-IdusClone.release.xcconfig"; path = "Target Support Files/Pods-IdusClone/Pods-IdusClone.release.xcconfig"; sourceTree = "<group>"; };
		4AAC67FDD6D39EFA2D599F86 /* Pods-IdusClone-IdusCloneUITests.release.xcconfig */ = {isa = PBXFileReference; includeInIndex = 1; lastKnownFileType = text.xcconfig; name = "Pods-IdusClone-IdusCloneUITests.release.xcconfig"; path = "Target Support Files/Pods-IdusClone-IdusCloneUITests/Pods-IdusClone-IdusCloneUITests.release.xcconfig"; sourceTree = "<group>"; };
		5A12C966BC70344B44BED23F /* Pods_IdusClone_IdusCloneUITests.framework */ = {isa = PBXFileReference; explicitFileType = wrapper.framework; includeInIndex = 0; path = Pods_IdusClone_IdusCloneUITests.framework; sourceTree = BUILT_PRODUCTS_DIR; };
		812AF351AB8C5FC865A590FB /* Pods_IdusCloneTests.framework */ = {isa = PBXFileReference; explicitFileType = wrapper.framework; includeInIndex = 0; path = Pods_IdusCloneTests.framework; sourceTree = BUILT_PRODUCTS_DIR; };
		81E2CAC1EA5BCA23AEBCFBC3 /* Pods-IdusClone.debug.xcconfig */ = {isa = PBXFileReference; includeInIndex = 1; lastKnownFileType = text.xcconfig; name = "Pods-IdusClone.debug.xcconfig"; path = "Target Support Files/Pods-IdusClone/Pods-IdusClone.debug.xcconfig"; sourceTree = "<group>"; };
		8B82C909A3E4C389EFF4079E /* Pods-IdusCloneTests.debug.xcconfig */ = {isa = PBXFileReference; includeInIndex = 1; lastKnownFileType = text.xcconfig; name = "Pods-IdusCloneTests.debug.xcconfig"; path = "Target Support Files/Pods-IdusCloneTests/Pods-IdusCloneTests.debug.xcconfig"; sourceTree = "<group>"; };
/* End PBXFileReference section */

/* Begin PBXFrameworksBuildPhase section */
		17F0D7192868543A00CF1A1B /* Frameworks */ = {
			isa = PBXFrameworksBuildPhase;
			buildActionMask = 2147483647;
			files = (
				EE61A2D02BB8FCB5971A3BF4 /* Pods_IdusClone.framework in Frameworks */,
			);
			runOnlyForDeploymentPostprocessing = 0;
		};
		17F0D7322868543E00CF1A1B /* Frameworks */ = {
			isa = PBXFrameworksBuildPhase;
			buildActionMask = 2147483647;
			files = (
				099F3DDF578C5920C2A832E5 /* Pods_IdusCloneTests.framework in Frameworks */,
			);
			runOnlyForDeploymentPostprocessing = 0;
		};
		17F0D73C2868543E00CF1A1B /* Frameworks */ = {
			isa = PBXFrameworksBuildPhase;
			buildActionMask = 2147483647;
			files = (
				9F0627392A45ED03D9C6370E /* Pods_IdusClone_IdusCloneUITests.framework in Frameworks */,
			);
			runOnlyForDeploymentPostprocessing = 0;
		};
/* End PBXFrameworksBuildPhase section */

/* Begin PBXGroup section */
		1726D9592868BA2F00C5B0E5 /* MainLogin */ = {
			isa = PBXGroup;
			children = (
				17F0D75A286856A800CF1A1B /* LogInView.storyboard */,
				17F0D75C286856B900CF1A1B /* LogInViewController.swift */,
				1726D95A2868BA9800C5B0E5 /* BottomSheetViewController.swift */,
			);
			path = MainLogin;
			sourceTree = "<group>";
		};
		172B687D286ED05D002B697A /* Banner */ = {
			isa = PBXGroup;
			children = (
				1771D483286AE79A0066F139 /* BannerCollectionViewCell.swift */,
			);
			path = Banner;
			sourceTree = "<group>";
		};
		172B687E286ED061002B697A /* SmallIcon */ = {
			isa = PBXGroup;
			children = (
				172B6883286ED34D002B697A /* SmallIconTableViewCell.swift */,
				172B6884286ED34D002B697A /* SmallIconTableViewCell.xib */,
				172B687F286ED0CC002B697A /* SmallIconCollectionViewCell.swift */,
				172B6880286ED0CC002B697A /* SmallIconCollectionViewCell.xib */,
			);
			path = SmallIcon;
			sourceTree = "<group>";
		};
		172B6887286EEDBB002B697A /* Product */ = {
			isa = PBXGroup;
			children = (
				172B6889286EEE1D002B697A /* ProductTableViewCell.swift */,
				172B688A286EEE1D002B697A /* ProductTableViewCell.xib */,
				172B688D286EEE2C002B697A /* ProductCollectionViewCell.swift */,
				172B688E286EEE2C002B697A /* ProductCollectionViewCell.xib */,
			);
			path = Product;
			sourceTree = "<group>";
		};
		172B6888286EEDD3002B697A /* Review */ = {
			isa = PBXGroup;
			children = (
				172B68A3287074C2002B697A /* ReviewTableViewCell.swift */,
				172B68A4287074C2002B697A /* ReviewTableViewCell.xib */,
				172B68A7287074D5002B697A /* ReviewCollectionViewCell.swift */,
				172B68A8287074D5002B697A /* ReviewCollectionViewCell.xib */,
			);
			path = Review;
			sourceTree = "<group>";
		};
		172B6891286F295F002B697A /* RelatedProduct */ = {
			isa = PBXGroup;
			children = (
				172B6896286F29DC002B697A /* RelatedProductTableViewCell.swift */,
				172B6897286F29DC002B697A /* RelatedProductTableViewCell.xib */,
				172B6892286F29BC002B697A /* RelatedProductCollectionViewCell.swift */,
				172B6893286F29BC002B697A /* RelatedProductCollectionViewCell.xib */,
			);
			path = RelatedProduct;
			sourceTree = "<group>";
		};
		172B689A28703EE9002B697A /* TodayDataManager */ = {
			isa = PBXGroup;
			children = (
				172B689B28703F00002B697A /* TodayDataManager.swift */,
			);
			path = TodayDataManager;
			sourceTree = "<group>";
		};
		172B689D28703F27002B697A /* TodayEntity */ = {
			isa = PBXGroup;
			children = (
				172B689E28703F48002B697A /* TodayEntity.swift */,
			);
			path = TodayEntity;
			sourceTree = "<group>";
		};
		17438486287306DE0076E78B /* Cell */ = {
			isa = PBXGroup;
			children = (
				17438495287356870076E78B /* RealTimeHeaderTableViewCell.swift */,
				17438496287356870076E78B /* RealTimeHeaderTableViewCell.xib */,
				17438487287307020076E78B /* RealTimeTableViewCell.swift */,
				17438488287307020076E78B /* RealTimeTableViewCell.xib */,
				1743848B287307170076E78B /* RealTimeCollectionViewCell.swift */,
				1743848C287307170076E78B /* RealTimeCollectionViewCell.xib */,
			);
			path = Cell;
			sourceTree = "<group>";
		};
		1743848F287338940076E78B /* RealTimeDataManager */ = {
			isa = PBXGroup;
			children = (
				17438491287338C50076E78B /* RealTimeDataManager.swift */,
			);
			path = RealTimeDataManager;
			sourceTree = "<group>";
		};
		17438490287338A10076E78B /* RealTimeEntity */ = {
			isa = PBXGroup;
			children = (
				1743849328733C290076E78B /* RealTimeEntity.swift */,
			);
			path = RealTimeEntity;
			sourceTree = "<group>";
		};
		1771D482286AE6840066F139 /* Cell */ = {
			isa = PBXGroup;
			children = (
				172B687D286ED05D002B697A /* Banner */,
				172B687E286ED061002B697A /* SmallIcon */,
				172B6891286F295F002B697A /* RelatedProduct */,
				172B6887286EEDBB002B697A /* Product */,
				172B6888286EEDD3002B697A /* Review */,
			);
			path = Cell;
			sourceTree = "<group>";
		};
		1771D487286C56470066F139 /* OnlineView */ = {
			isa = PBXGroup;
			children = (
				1771D489286C56AC0066F139 /* OnlineViewController.swift */,
				1771D48B286C56BC0066F139 /* OnlineView.storyboard */,
			);
			path = OnlineView;
			sourceTree = "<group>";
		};
		1771D488286C56570066F139 /* OfflineView */ = {
			isa = PBXGroup;
			children = (
				1771D48F286C56FF0066F139 /* OfflineViewController.swift */,
				1771D48D286C56CA0066F139 /* OfflineView.storyboard */,
			);
			path = OfflineView;
			sourceTree = "<group>";
		};
		1771D497286C73BC0066F139 /* Util */ = {
			isa = PBXGroup;
			children = (
				1771D498286C73CB0066F139 /* IndicatorView.swift */,
			);
			path = Util;
			sourceTree = "<group>";
		};
		17E406CE2868D46B0006DFF4 /* EmailRegister */ = {
			isa = PBXGroup;
			children = (
				17E4070D2869CD030006DFF4 /* EmailRegisterDataManager */,
				17E4070C2869CCF30006DFF4 /* EmailRegisterEntity */,
				17E406D32868D5630006DFF4 /* EmailRegisterViewController.swift */,
				17E406D42868D5630006DFF4 /* EmailRegisterViewController.xib */,
			);
			path = EmailRegister;
			sourceTree = "<group>";
		};
		17E406D72869006B0006DFF4 /* Extension */ = {
			isa = PBXGroup;
			children = (
				17E406D82869009D0006DFF4 /* UIImage.swift */,
				17E407072869A6DE0006DFF4 /* UIViewController.swift */,
				172B68A0287061BF002B697A /* UIImageView.swift */,
			);
			path = Extension;
			sourceTree = "<group>";
		};
		17E406DA286908FB0006DFF4 /* MemberLogin */ = {
			isa = PBXGroup;
			children = (
				17E4070B2869CCE60006DFF4 /* MemberLoginDataManager */,
				17E407092869CCC40006DFF4 /* MemberLoginEntity */,
				17E406E728698D6F0006DFF4 /* MemberLoginViewController.swift */,
				17E406E828698D6F0006DFF4 /* MemberLoginViewController.xib */,
			);
			path = MemberLogin;
			sourceTree = "<group>";
		};
		17E406EB286995130006DFF4 /* WorkView */ = {
			isa = PBXGroup;
			children = (
				17E40712286A19D10006DFF4 /* TodayView */,
				17E40713286A19E40006DFF4 /* RealTimeView */,
				17E40714286A1A170006DFF4 /* NewView */,
				17E406EF286996000006DFF4 /* WorkView.storyboard */,
				17E40705286996BB0006DFF4 /* WorkViewController.swift */,
				17E40710286A18360006DFF4 /* WorkTabViewController.swift */,
			);
			path = WorkView;
			sourceTree = "<group>";
		};
		17E406EC286995600006DFF4 /* Base */ = {
			isa = PBXGroup;
			children = (
				17E406ED2869957B0006DFF4 /* BaseStoryBoard.storyboard */,
			);
			path = Base;
			sourceTree = "<group>";
		};
		17E406F1286996070006DFF4 /* ClassView */ = {
			isa = PBXGroup;
			children = (
				1771D487286C56470066F139 /* OnlineView */,
				1771D488286C56570066F139 /* OfflineView */,
				17E406F5286996440006DFF4 /* ClassView.storyboard */,
				17E40703286996AD0006DFF4 /* ClassViewController.swift */,
				1771D485286C561E0066F139 /* ClassTabViewController.swift */,
			);
			path = ClassView;
			sourceTree = "<group>";
		};
		17E406F2286996110006DFF4 /* SearchView */ = {
			isa = PBXGroup;
			children = (
				17E406F72869965B0006DFF4 /* SearchView.storyboard */,
				17E40701286996A50006DFF4 /* SearchViewController.swift */,
			);
			path = SearchView;
			sourceTree = "<group>";
		};
		17E406F32869961F0006DFF4 /* CategoryView */ = {
			isa = PBXGroup;
			children = (
				17E406F9286996640006DFF4 /* CategoryView.storyboard */,
				17E406FF2869969A0006DFF4 /* CategoryViewController.swift */,
			);
			path = CategoryView;
			sourceTree = "<group>";
		};
		17E406F42869962B0006DFF4 /* MyInfoView */ = {
			isa = PBXGroup;
			children = (
				17E406FB2869966E0006DFF4 /* MyInfoView.storyboard */,
				17E406FD2869968A0006DFF4 /* MyInfoViewController.swift */,
			);
			path = MyInfoView;
			sourceTree = "<group>";
		};
		17E407092869CCC40006DFF4 /* MemberLoginEntity */ = {
			isa = PBXGroup;
			children = (
				172B6879286EB85F002B697A /* MemberLoginInput.swift */,
				172B687B286EB869002B697A /* MemberLoginEntity.swift */,
			);
			path = MemberLoginEntity;
			sourceTree = "<group>";
		};
		17E4070B2869CCE60006DFF4 /* MemberLoginDataManager */ = {
			isa = PBXGroup;
			children = (
				172B6877286EB84E002B697A /* MemberLoginDataManager.swift */,
			);
			path = MemberLoginDataManager;
			sourceTree = "<group>";
		};
		17E4070C2869CCF30006DFF4 /* EmailRegisterEntity */ = {
			isa = PBXGroup;
			children = (
				1771D495286C70AE0066F139 /* EmailRegisterInput.swift */,
				1771D493286C70550066F139 /* EmailRegisterEntity.swift */,
			);
			path = EmailRegisterEntity;
			sourceTree = "<group>";
		};
		17E4070D2869CD030006DFF4 /* EmailRegisterDataManager */ = {
			isa = PBXGroup;
			children = (
				1771D491286C6BCB0066F139 /* EmailRegisterDataManager.swift */,
			);
			path = EmailRegisterDataManager;
			sourceTree = "<group>";
		};
		17E40712286A19D10006DFF4 /* TodayView */ = {
			isa = PBXGroup;
			children = (
				172B689A28703EE9002B697A /* TodayDataManager */,
				172B689D28703F27002B697A /* TodayEntity */,
				1771D482286AE6840066F139 /* Cell */,
				17E40715286A1A510006DFF4 /* TodayViewController.swift */,
				17E40721286A25430006DFF4 /* TodayView.storyboard */,
			);
			path = TodayView;
			sourceTree = "<group>";
		};
		17E40713286A19E40006DFF4 /* RealTimeView */ = {
			isa = PBXGroup;
			children = (
				1743848F287338940076E78B /* RealTimeDataManager */,
				17438490287338A10076E78B /* RealTimeEntity */,
				17438486287306DE0076E78B /* Cell */,
				17E40719286A1A600006DFF4 /* RealTimeViewController.swift */,
				174384842872FB140076E78B /* RealTimeView.storyboard */,
			);
			path = RealTimeView;
			sourceTree = "<group>";
		};
		17E40714286A1A170006DFF4 /* NewView */ = {
			isa = PBXGroup;
			children = (
				17E4071D286A1A6E0006DFF4 /* NewViewController.swift */,
				17E4071E286A1A6E0006DFF4 /* NewViewController.xib */,
			);
			path = NewView;
			sourceTree = "<group>";
		};
		17F0D7132868543A00CF1A1B = {
			isa = PBXGroup;
			children = (
				17F0D71E2868543A00CF1A1B /* IdusClone */,
				17F0D7382868543E00CF1A1B /* IdusCloneTests */,
				17F0D7422868543E00CF1A1B /* IdusCloneUITests */,
				17F0D71D2868543A00CF1A1B /* Products */,
				D953885834D96F9090BF2AB0 /* Pods */,
				9302F2462D76FFA9D4441B01 /* Frameworks */,
			);
			sourceTree = "<group>";
		};
		17F0D71D2868543A00CF1A1B /* Products */ = {
			isa = PBXGroup;
			children = (
				17F0D71C2868543A00CF1A1B /* IdusClone.app */,
				17F0D7352868543E00CF1A1B /* IdusCloneTests.xctest */,
				17F0D73F2868543E00CF1A1B /* IdusCloneUITests.xctest */,
			);
			name = Products;
			sourceTree = "<group>";
		};
		17F0D71E2868543A00CF1A1B /* IdusClone */ = {
			isa = PBXGroup;
			children = (
				1771D497286C73BC0066F139 /* Util */,
				17F0D753286855C200CF1A1B /* Configuration */,
				17E406D72869006B0006DFF4 /* Extension */,
				17F0D752286855B800CF1A1B /* Source */,
				17F0D71F2868543A00CF1A1B /* AppDelegate.swift */,
				17F0D7212868543A00CF1A1B /* SceneDelegate.swift */,
				17F0D7232868543A00CF1A1B /* ViewController.swift */,
				17F0D72B2868543E00CF1A1B /* Assets.xcassets */,
				17F0D7302868543E00CF1A1B /* Info.plist */,
				17F0D7282868543A00CF1A1B /* IdusClone.xcdatamodeld */,
			);
			path = IdusClone;
			sourceTree = "<group>";
		};
		17F0D7382868543E00CF1A1B /* IdusCloneTests */ = {
			isa = PBXGroup;
			children = (
				17F0D7392868543E00CF1A1B /* IdusCloneTests.swift */,
			);
			path = IdusCloneTests;
			sourceTree = "<group>";
		};
		17F0D7422868543E00CF1A1B /* IdusCloneUITests */ = {
			isa = PBXGroup;
			children = (
				17F0D7432868543E00CF1A1B /* IdusCloneUITests.swift */,
				17F0D7452868543E00CF1A1B /* IdusCloneUITestsLaunchTests.swift */,
			);
			path = IdusCloneUITests;
			sourceTree = "<group>";
		};
		17F0D752286855B800CF1A1B /* Source */ = {
			isa = PBXGroup;
			children = (
				17F0D756286855E800CF1A1B /* Splash */,
				17F0D757286855F100CF1A1B /* LogInView */,
				17E406EB286995130006DFF4 /* WorkView */,
				17E406F1286996070006DFF4 /* ClassView */,
				17E406F2286996110006DFF4 /* SearchView */,
				17E406F32869961F0006DFF4 /* CategoryView */,
				17E406F42869962B0006DFF4 /* MyInfoView */,
			);
			path = Source;
			sourceTree = "<group>";
		};
		17F0D753286855C200CF1A1B /* Configuration */ = {
			isa = PBXGroup;
			children = (
				17F0D754286855D000CF1A1B /* Constant.swift */,
				17E406EC286995600006DFF4 /* Base */,
			);
			path = Configuration;
			sourceTree = "<group>";
		};
		17F0D756286855E800CF1A1B /* Splash */ = {
			isa = PBXGroup;
			children = (
				17F0D7252868543A00CF1A1B /* Splash.storyboard */,
				17F0D7582868565800CF1A1B /* SplashViewController.swift */,
			);
			path = Splash;
			sourceTree = "<group>";
		};
		17F0D757286855F100CF1A1B /* LogInView */ = {
			isa = PBXGroup;
			children = (
				17E406DA286908FB0006DFF4 /* MemberLogin */,
				17E406CE2868D46B0006DFF4 /* EmailRegister */,
				1726D9592868BA2F00C5B0E5 /* MainLogin */,
			);
			path = LogInView;
			sourceTree = "<group>";
		};
		9302F2462D76FFA9D4441B01 /* Frameworks */ = {
			isa = PBXGroup;
			children = (
				1577374A859C3039803769A1 /* Pods_IdusClone.framework */,
				5A12C966BC70344B44BED23F /* Pods_IdusClone_IdusCloneUITests.framework */,
				812AF351AB8C5FC865A590FB /* Pods_IdusCloneTests.framework */,
			);
			name = Frameworks;
			sourceTree = "<group>";
		};
		D953885834D96F9090BF2AB0 /* Pods */ = {
			isa = PBXGroup;
			children = (
				81E2CAC1EA5BCA23AEBCFBC3 /* Pods-IdusClone.debug.xcconfig */,
				2DE60D8EA0953BA5B62003E5 /* Pods-IdusClone.release.xcconfig */,
				2665CC38FDF6691A8ACAED2C /* Pods-IdusClone-IdusCloneUITests.debug.xcconfig */,
				4AAC67FDD6D39EFA2D599F86 /* Pods-IdusClone-IdusCloneUITests.release.xcconfig */,
				8B82C909A3E4C389EFF4079E /* Pods-IdusCloneTests.debug.xcconfig */,
				0BCC9586F3C050EBB5FC7673 /* Pods-IdusCloneTests.release.xcconfig */,
			);
			path = Pods;
			sourceTree = "<group>";
		};
/* End PBXGroup section */

/* Begin PBXNativeTarget section */
		17F0D71B2868543A00CF1A1B /* IdusClone */ = {
			isa = PBXNativeTarget;
			buildConfigurationList = 17F0D7492868543E00CF1A1B /* Build configuration list for PBXNativeTarget "IdusClone" */;
			buildPhases = (
				D577B5EF9350822CA7B01F1B /* [CP] Check Pods Manifest.lock */,
				17F0D7182868543A00CF1A1B /* Sources */,
				17F0D7192868543A00CF1A1B /* Frameworks */,
				17F0D71A2868543A00CF1A1B /* Resources */,
				907DF6187BD9A0A2725DED32 /* [CP] Embed Pods Frameworks */,
			);
			buildRules = (
			);
			dependencies = (
			);
			name = IdusClone;
			productName = IdusClone;
			productReference = 17F0D71C2868543A00CF1A1B /* IdusClone.app */;
			productType = "com.apple.product-type.application";
		};
		17F0D7342868543E00CF1A1B /* IdusCloneTests */ = {
			isa = PBXNativeTarget;
			buildConfigurationList = 17F0D74C2868543E00CF1A1B /* Build configuration list for PBXNativeTarget "IdusCloneTests" */;
			buildPhases = (
				BED56927005A16DE20FBFD5B /* [CP] Check Pods Manifest.lock */,
				17F0D7312868543E00CF1A1B /* Sources */,
				17F0D7322868543E00CF1A1B /* Frameworks */,
				17F0D7332868543E00CF1A1B /* Resources */,
			);
			buildRules = (
			);
			dependencies = (
				17F0D7372868543E00CF1A1B /* PBXTargetDependency */,
			);
			name = IdusCloneTests;
			productName = IdusCloneTests;
			productReference = 17F0D7352868543E00CF1A1B /* IdusCloneTests.xctest */;
			productType = "com.apple.product-type.bundle.unit-test";
		};
		17F0D73E2868543E00CF1A1B /* IdusCloneUITests */ = {
			isa = PBXNativeTarget;
			buildConfigurationList = 17F0D74F2868543E00CF1A1B /* Build configuration list for PBXNativeTarget "IdusCloneUITests" */;
			buildPhases = (
				5B307B7412431719D7F72B47 /* [CP] Check Pods Manifest.lock */,
				17F0D73B2868543E00CF1A1B /* Sources */,
				17F0D73C2868543E00CF1A1B /* Frameworks */,
				17F0D73D2868543E00CF1A1B /* Resources */,
				894B2288B2C13ACA772D72A1 /* [CP] Embed Pods Frameworks */,
			);
			buildRules = (
			);
			dependencies = (
				17F0D7412868543E00CF1A1B /* PBXTargetDependency */,
			);
			name = IdusCloneUITests;
			productName = IdusCloneUITests;
			productReference = 17F0D73F2868543E00CF1A1B /* IdusCloneUITests.xctest */;
			productType = "com.apple.product-type.bundle.ui-testing";
		};
/* End PBXNativeTarget section */

/* Begin PBXProject section */
		17F0D7142868543A00CF1A1B /* Project object */ = {
			isa = PBXProject;
			attributes = {
				BuildIndependentTargetsInParallel = 1;
				LastSwiftUpdateCheck = 1340;
				LastUpgradeCheck = 1340;
				TargetAttributes = {
					17F0D71B2868543A00CF1A1B = {
						CreatedOnToolsVersion = 13.4;
					};
					17F0D7342868543E00CF1A1B = {
						CreatedOnToolsVersion = 13.4;
						TestTargetID = 17F0D71B2868543A00CF1A1B;
					};
					17F0D73E2868543E00CF1A1B = {
						CreatedOnToolsVersion = 13.4;
						TestTargetID = 17F0D71B2868543A00CF1A1B;
					};
				};
			};
			buildConfigurationList = 17F0D7172868543A00CF1A1B /* Build configuration list for PBXProject "IdusClone" */;
			compatibilityVersion = "Xcode 13.0";
			developmentRegion = en;
			hasScannedForEncodings = 0;
			knownRegions = (
				en,
				Base,
			);
			mainGroup = 17F0D7132868543A00CF1A1B;
			productRefGroup = 17F0D71D2868543A00CF1A1B /* Products */;
			projectDirPath = "";
			projectRoot = "";
			targets = (
				17F0D71B2868543A00CF1A1B /* IdusClone */,
				17F0D7342868543E00CF1A1B /* IdusCloneTests */,
				17F0D73E2868543E00CF1A1B /* IdusCloneUITests */,
			);
		};
/* End PBXProject section */

/* Begin PBXResourcesBuildPhase section */
		17F0D71A2868543A00CF1A1B /* Resources */ = {
			isa = PBXResourcesBuildPhase;
			buildActionMask = 2147483647;
			files = (
				17E406D62868D5640006DFF4 /* EmailRegisterViewController.xib in Resources */,
				17E406FC2869966E0006DFF4 /* MyInfoView.storyboard in Resources */,
				172B68A6287074C2002B697A /* ReviewTableViewCell.xib in Resources */,
				17438498287356870076E78B /* RealTimeHeaderTableViewCell.xib in Resources */,
				172B6890286EEE2C002B697A /* ProductCollectionViewCell.xib in Resources */,
				1743848A287307020076E78B /* RealTimeTableViewCell.xib in Resources */,
				172B688C286EEE1D002B697A /* ProductTableViewCell.xib in Resources */,
				17E406F0286996000006DFF4 /* WorkView.storyboard in Resources */,
				17F0D72C2868543E00CF1A1B /* Assets.xcassets in Resources */,
				17E406FA286996640006DFF4 /* CategoryView.storyboard in Resources */,
				1743848E287307170076E78B /* RealTimeCollectionViewCell.xib in Resources */,
				17E406EE2869957B0006DFF4 /* BaseStoryBoard.storyboard in Resources */,
				17E406F6286996440006DFF4 /* ClassView.storyboard in Resources */,
				17E406EA28698D6F0006DFF4 /* MemberLoginViewController.xib in Resources */,
				172B6886286ED34D002B697A /* SmallIconTableViewCell.xib in Resources */,
				174384852872FB140076E78B /* RealTimeView.storyboard in Resources */,
				17F0D75B286856A800CF1A1B /* LogInView.storyboard in Resources */,
				17E40720286A1A6E0006DFF4 /* NewViewController.xib in Resources */,
				1771D48E286C56CA0066F139 /* OfflineView.storyboard in Resources */,
				172B6895286F29BC002B697A /* RelatedProductCollectionViewCell.xib in Resources */,
				172B6882286ED0CC002B697A /* SmallIconCollectionViewCell.xib in Resources */,
				1771D48C286C56BC0066F139 /* OnlineView.storyboard in Resources */,
				17E40722286A25430006DFF4 /* TodayView.storyboard in Resources */,
				17E406F82869965B0006DFF4 /* SearchView.storyboard in Resources */,
				17F0D7272868543A00CF1A1B /* Splash.storyboard in Resources */,
				172B68AA287074D5002B697A /* ReviewCollectionViewCell.xib in Resources */,
				172B6899286F29DC002B697A /* RelatedProductTableViewCell.xib in Resources */,
			);
			runOnlyForDeploymentPostprocessing = 0;
		};
		17F0D7332868543E00CF1A1B /* Resources */ = {
			isa = PBXResourcesBuildPhase;
			buildActionMask = 2147483647;
			files = (
			);
			runOnlyForDeploymentPostprocessing = 0;
		};
		17F0D73D2868543E00CF1A1B /* Resources */ = {
			isa = PBXResourcesBuildPhase;
			buildActionMask = 2147483647;
			files = (
			);
			runOnlyForDeploymentPostprocessing = 0;
		};
/* End PBXResourcesBuildPhase section */

/* Begin PBXShellScriptBuildPhase section */
		5B307B7412431719D7F72B47 /* [CP] Check Pods Manifest.lock */ = {
			isa = PBXShellScriptBuildPhase;
			buildActionMask = 2147483647;
			files = (
			);
			inputFileListPaths = (
			);
			inputPaths = (
				"${PODS_PODFILE_DIR_PATH}/Podfile.lock",
				"${PODS_ROOT}/Manifest.lock",
			);
			name = "[CP] Check Pods Manifest.lock";
			outputFileListPaths = (
			);
			outputPaths = (
				"$(DERIVED_FILE_DIR)/Pods-IdusClone-IdusCloneUITests-checkManifestLockResult.txt",
			);
			runOnlyForDeploymentPostprocessing = 0;
			shellPath = /bin/sh;
			shellScript = "diff \"${PODS_PODFILE_DIR_PATH}/Podfile.lock\" \"${PODS_ROOT}/Manifest.lock\" > /dev/null\nif [ $? != 0 ] ; then\n    # print error to STDERR\n    echo \"error: The sandbox is not in sync with the Podfile.lock. Run 'pod install' or update your CocoaPods installation.\" >&2\n    exit 1\nfi\n# This output is used by Xcode 'outputs' to avoid re-running this script phase.\necho \"SUCCESS\" > \"${SCRIPT_OUTPUT_FILE_0}\"\n";
			showEnvVarsInLog = 0;
		};
		894B2288B2C13ACA772D72A1 /* [CP] Embed Pods Frameworks */ = {
			isa = PBXShellScriptBuildPhase;
			buildActionMask = 2147483647;
			files = (
			);
			inputFileListPaths = (
				"${PODS_ROOT}/Target Support Files/Pods-IdusClone-IdusCloneUITests/Pods-IdusClone-IdusCloneUITests-frameworks-${CONFIGURATION}-input-files.xcfilelist",
			);
			name = "[CP] Embed Pods Frameworks";
			outputFileListPaths = (
				"${PODS_ROOT}/Target Support Files/Pods-IdusClone-IdusCloneUITests/Pods-IdusClone-IdusCloneUITests-frameworks-${CONFIGURATION}-output-files.xcfilelist",
			);
			runOnlyForDeploymentPostprocessing = 0;
			shellPath = /bin/sh;
			shellScript = "\"${PODS_ROOT}/Target Support Files/Pods-IdusClone-IdusCloneUITests/Pods-IdusClone-IdusCloneUITests-frameworks.sh\"\n";
			showEnvVarsInLog = 0;
		};
		907DF6187BD9A0A2725DED32 /* [CP] Embed Pods Frameworks */ = {
			isa = PBXShellScriptBuildPhase;
			buildActionMask = 2147483647;
			files = (
			);
			inputFileListPaths = (
				"${PODS_ROOT}/Target Support Files/Pods-IdusClone/Pods-IdusClone-frameworks-${CONFIGURATION}-input-files.xcfilelist",
			);
			name = "[CP] Embed Pods Frameworks";
			outputFileListPaths = (
				"${PODS_ROOT}/Target Support Files/Pods-IdusClone/Pods-IdusClone-frameworks-${CONFIGURATION}-output-files.xcfilelist",
			);
			runOnlyForDeploymentPostprocessing = 0;
			shellPath = /bin/sh;
			shellScript = "\"${PODS_ROOT}/Target Support Files/Pods-IdusClone/Pods-IdusClone-frameworks.sh\"\n";
			showEnvVarsInLog = 0;
		};
		BED56927005A16DE20FBFD5B /* [CP] Check Pods Manifest.lock */ = {
			isa = PBXShellScriptBuildPhase;
			buildActionMask = 2147483647;
			files = (
			);
			inputFileListPaths = (
			);
			inputPaths = (
				"${PODS_PODFILE_DIR_PATH}/Podfile.lock",
				"${PODS_ROOT}/Manifest.lock",
			);
			name = "[CP] Check Pods Manifest.lock";
			outputFileListPaths = (
			);
			outputPaths = (
				"$(DERIVED_FILE_DIR)/Pods-IdusCloneTests-checkManifestLockResult.txt",
			);
			runOnlyForDeploymentPostprocessing = 0;
			shellPath = /bin/sh;
			shellScript = "diff \"${PODS_PODFILE_DIR_PATH}/Podfile.lock\" \"${PODS_ROOT}/Manifest.lock\" > /dev/null\nif [ $? != 0 ] ; then\n    # print error to STDERR\n    echo \"error: The sandbox is not in sync with the Podfile.lock. Run 'pod install' or update your CocoaPods installation.\" >&2\n    exit 1\nfi\n# This output is used by Xcode 'outputs' to avoid re-running this script phase.\necho \"SUCCESS\" > \"${SCRIPT_OUTPUT_FILE_0}\"\n";
			showEnvVarsInLog = 0;
		};
		D577B5EF9350822CA7B01F1B /* [CP] Check Pods Manifest.lock */ = {
			isa = PBXShellScriptBuildPhase;
			buildActionMask = 2147483647;
			files = (
			);
			inputFileListPaths = (
			);
			inputPaths = (
				"${PODS_PODFILE_DIR_PATH}/Podfile.lock",
				"${PODS_ROOT}/Manifest.lock",
			);
			name = "[CP] Check Pods Manifest.lock";
			outputFileListPaths = (
			);
			outputPaths = (
				"$(DERIVED_FILE_DIR)/Pods-IdusClone-checkManifestLockResult.txt",
			);
			runOnlyForDeploymentPostprocessing = 0;
			shellPath = /bin/sh;
			shellScript = "diff \"${PODS_PODFILE_DIR_PATH}/Podfile.lock\" \"${PODS_ROOT}/Manifest.lock\" > /dev/null\nif [ $? != 0 ] ; then\n    # print error to STDERR\n    echo \"error: The sandbox is not in sync with the Podfile.lock. Run 'pod install' or update your CocoaPods installation.\" >&2\n    exit 1\nfi\n# This output is used by Xcode 'outputs' to avoid re-running this script phase.\necho \"SUCCESS\" > \"${SCRIPT_OUTPUT_FILE_0}\"\n";
			showEnvVarsInLog = 0;
		};
/* End PBXShellScriptBuildPhase section */

/* Begin PBXSourcesBuildPhase section */
		17F0D7182868543A00CF1A1B /* Sources */ = {
			isa = PBXSourcesBuildPhase;
			buildActionMask = 2147483647;
			files = (
				172B6894286F29BC002B697A /* RelatedProductCollectionViewCell.swift in Sources */,
				172B687C286EB86A002B697A /* MemberLoginEntity.swift in Sources */,
				17F0D72A2868543A00CF1A1B /* IdusClone.xcdatamodeld in Sources */,
				172B689C28703F00002B697A /* TodayDataManager.swift in Sources */,
				17438489287307020076E78B /* RealTimeTableViewCell.swift in Sources */,
				172B688B286EEE1D002B697A /* ProductTableViewCell.swift in Sources */,
				1771D499286C73CB0066F139 /* IndicatorView.swift in Sources */,
				1771D486286C561F0066F139 /* ClassTabViewController.swift in Sources */,
				17E406D92869009D0006DFF4 /* UIImage.swift in Sources */,
				172B6898286F29DC002B697A /* RelatedProductTableViewCell.swift in Sources */,
				17F0D7242868543A00CF1A1B /* ViewController.swift in Sources */,
				17E40717286A1A510006DFF4 /* TodayViewController.swift in Sources */,
				17438492287338C50076E78B /* RealTimeDataManager.swift in Sources */,
				17F0D755286855D000CF1A1B /* Constant.swift in Sources */,
				172B689F28703F48002B697A /* TodayEntity.swift in Sources */,
				17F0D75D286856B900CF1A1B /* LogInViewController.swift in Sources */,
				17E40706286996BB0006DFF4 /* WorkViewController.swift in Sources */,
				17F0D7592868565800CF1A1B /* SplashViewController.swift in Sources */,
				1771D48A286C56AC0066F139 /* OnlineViewController.swift in Sources */,
				17E40704286996AD0006DFF4 /* ClassViewController.swift in Sources */,
				17E4071F286A1A6E0006DFF4 /* NewViewController.swift in Sources */,
				172B68A5287074C2002B697A /* ReviewTableViewCell.swift in Sources */,
				17E4071B286A1A600006DFF4 /* RealTimeViewController.swift in Sources */,
				1743848D287307170076E78B /* RealTimeCollectionViewCell.swift in Sources */,
				172B6881286ED0CC002B697A /* SmallIconCollectionViewCell.swift in Sources */,
				1771D492286C6BCC0066F139 /* EmailRegisterDataManager.swift in Sources */,
				172B6878286EB84E002B697A /* MemberLoginDataManager.swift in Sources */,
				17E407082869A6DE0006DFF4 /* UIViewController.swift in Sources */,
				1771D484286AE79A0066F139 /* BannerCollectionViewCell.swift in Sources */,
				17F0D7202868543A00CF1A1B /* AppDelegate.swift in Sources */,
				17F0D7222868543A00CF1A1B /* SceneDelegate.swift in Sources */,
				172B68A1287061BF002B697A /* UIImageView.swift in Sources */,
				172B68A9287074D5002B697A /* ReviewCollectionViewCell.swift in Sources */,
				17438497287356870076E78B /* RealTimeHeaderTableViewCell.swift in Sources */,
				172B687A286EB85F002B697A /* MemberLoginInput.swift in Sources */,
				17E40702286996A50006DFF4 /* SearchViewController.swift in Sources */,
				172B6885286ED34D002B697A /* SmallIconTableViewCell.swift in Sources */,
				17E406E928698D6F0006DFF4 /* MemberLoginViewController.swift in Sources */,
				1771D494286C70550066F139 /* EmailRegisterEntity.swift in Sources */,
				1771D490286C56FF0066F139 /* OfflineViewController.swift in Sources */,
				1743849428733C290076E78B /* RealTimeEntity.swift in Sources */,
				17E40711286A18360006DFF4 /* WorkTabViewController.swift in Sources */,
				17E406D52868D5630006DFF4 /* EmailRegisterViewController.swift in Sources */,
				1771D496286C70AE0066F139 /* EmailRegisterInput.swift in Sources */,
				17E407002869969A0006DFF4 /* CategoryViewController.swift in Sources */,
				17E406FE2869968A0006DFF4 /* MyInfoViewController.swift in Sources */,
				172B688F286EEE2C002B697A /* ProductCollectionViewCell.swift in Sources */,
				1726D95B2868BA9800C5B0E5 /* BottomSheetViewController.swift in Sources */,
			);
			runOnlyForDeploymentPostprocessing = 0;
		};
		17F0D7312868543E00CF1A1B /* Sources */ = {
			isa = PBXSourcesBuildPhase;
			buildActionMask = 2147483647;
			files = (
				17F0D73A2868543E00CF1A1B /* IdusCloneTests.swift in Sources */,
			);
			runOnlyForDeploymentPostprocessing = 0;
		};
		17F0D73B2868543E00CF1A1B /* Sources */ = {
			isa = PBXSourcesBuildPhase;
			buildActionMask = 2147483647;
			files = (
				17F0D7442868543E00CF1A1B /* IdusCloneUITests.swift in Sources */,
				17F0D7462868543E00CF1A1B /* IdusCloneUITestsLaunchTests.swift in Sources */,
			);
			runOnlyForDeploymentPostprocessing = 0;
		};
/* End PBXSourcesBuildPhase section */

/* Begin PBXTargetDependency section */
		17F0D7372868543E00CF1A1B /* PBXTargetDependency */ = {
			isa = PBXTargetDependency;
			target = 17F0D71B2868543A00CF1A1B /* IdusClone */;
			targetProxy = 17F0D7362868543E00CF1A1B /* PBXContainerItemProxy */;
		};
		17F0D7412868543E00CF1A1B /* PBXTargetDependency */ = {
			isa = PBXTargetDependency;
			target = 17F0D71B2868543A00CF1A1B /* IdusClone */;
			targetProxy = 17F0D7402868543E00CF1A1B /* PBXContainerItemProxy */;
		};
/* End PBXTargetDependency section */

/* Begin PBXVariantGroup section */
		17F0D7252868543A00CF1A1B /* Splash.storyboard */ = {
			isa = PBXVariantGroup;
			children = (
				17F0D7262868543A00CF1A1B /* Base */,
			);
			name = Splash.storyboard;
			sourceTree = "<group>";
		};
/* End PBXVariantGroup section */

/* Begin XCBuildConfiguration section */
		17F0D7472868543E00CF1A1B /* Debug */ = {
			isa = XCBuildConfiguration;
			buildSettings = {
				ALWAYS_SEARCH_USER_PATHS = NO;
				CLANG_ANALYZER_NONNULL = YES;
				CLANG_ANALYZER_NUMBER_OBJECT_CONVERSION = YES_AGGRESSIVE;
				CLANG_CXX_LANGUAGE_STANDARD = "gnu++17";
				CLANG_ENABLE_MODULES = YES;
				CLANG_ENABLE_OBJC_ARC = YES;
				CLANG_ENABLE_OBJC_WEAK = YES;
				CLANG_WARN_BLOCK_CAPTURE_AUTORELEASING = YES;
				CLANG_WARN_BOOL_CONVERSION = YES;
				CLANG_WARN_COMMA = YES;
				CLANG_WARN_CONSTANT_CONVERSION = YES;
				CLANG_WARN_DEPRECATED_OBJC_IMPLEMENTATIONS = YES;
				CLANG_WARN_DIRECT_OBJC_ISA_USAGE = YES_ERROR;
				CLANG_WARN_DOCUMENTATION_COMMENTS = YES;
				CLANG_WARN_EMPTY_BODY = YES;
				CLANG_WARN_ENUM_CONVERSION = YES;
				CLANG_WARN_INFINITE_RECURSION = YES;
				CLANG_WARN_INT_CONVERSION = YES;
				CLANG_WARN_NON_LITERAL_NULL_CONVERSION = YES;
				CLANG_WARN_OBJC_IMPLICIT_RETAIN_SELF = YES;
				CLANG_WARN_OBJC_LITERAL_CONVERSION = YES;
				CLANG_WARN_OBJC_ROOT_CLASS = YES_ERROR;
				CLANG_WARN_QUOTED_INCLUDE_IN_FRAMEWORK_HEADER = YES;
				CLANG_WARN_RANGE_LOOP_ANALYSIS = YES;
				CLANG_WARN_STRICT_PROTOTYPES = YES;
				CLANG_WARN_SUSPICIOUS_MOVE = YES;
				CLANG_WARN_UNGUARDED_AVAILABILITY = YES_AGGRESSIVE;
				CLANG_WARN_UNREACHABLE_CODE = YES;
				CLANG_WARN__DUPLICATE_METHOD_MATCH = YES;
				COPY_PHASE_STRIP = NO;
				DEBUG_INFORMATION_FORMAT = dwarf;
				ENABLE_STRICT_OBJC_MSGSEND = YES;
				ENABLE_TESTABILITY = YES;
				GCC_C_LANGUAGE_STANDARD = gnu11;
				GCC_DYNAMIC_NO_PIC = NO;
				GCC_NO_COMMON_BLOCKS = YES;
				GCC_OPTIMIZATION_LEVEL = 0;
				GCC_PREPROCESSOR_DEFINITIONS = (
					"DEBUG=1",
					"$(inherited)",
				);
				GCC_WARN_64_TO_32_BIT_CONVERSION = YES;
				GCC_WARN_ABOUT_RETURN_TYPE = YES_ERROR;
				GCC_WARN_UNDECLARED_SELECTOR = YES;
				GCC_WARN_UNINITIALIZED_AUTOS = YES_AGGRESSIVE;
				GCC_WARN_UNUSED_FUNCTION = YES;
				GCC_WARN_UNUSED_VARIABLE = YES;
				IPHONEOS_DEPLOYMENT_TARGET = 15.5;
				MTL_ENABLE_DEBUG_INFO = INCLUDE_SOURCE;
				MTL_FAST_MATH = YES;
				ONLY_ACTIVE_ARCH = YES;
				SDKROOT = iphoneos;
				SWIFT_ACTIVE_COMPILATION_CONDITIONS = DEBUG;
				SWIFT_OPTIMIZATION_LEVEL = "-Onone";
			};
			name = Debug;
		};
		17F0D7482868543E00CF1A1B /* Release */ = {
			isa = XCBuildConfiguration;
			buildSettings = {
				ALWAYS_SEARCH_USER_PATHS = NO;
				CLANG_ANALYZER_NONNULL = YES;
				CLANG_ANALYZER_NUMBER_OBJECT_CONVERSION = YES_AGGRESSIVE;
				CLANG_CXX_LANGUAGE_STANDARD = "gnu++17";
				CLANG_ENABLE_MODULES = YES;
				CLANG_ENABLE_OBJC_ARC = YES;
				CLANG_ENABLE_OBJC_WEAK = YES;
				CLANG_WARN_BLOCK_CAPTURE_AUTORELEASING = YES;
				CLANG_WARN_BOOL_CONVERSION = YES;
				CLANG_WARN_COMMA = YES;
				CLANG_WARN_CONSTANT_CONVERSION = YES;
				CLANG_WARN_DEPRECATED_OBJC_IMPLEMENTATIONS = YES;
				CLANG_WARN_DIRECT_OBJC_ISA_USAGE = YES_ERROR;
				CLANG_WARN_DOCUMENTATION_COMMENTS = YES;
				CLANG_WARN_EMPTY_BODY = YES;
				CLANG_WARN_ENUM_CONVERSION = YES;
				CLANG_WARN_INFINITE_RECURSION = YES;
				CLANG_WARN_INT_CONVERSION = YES;
				CLANG_WARN_NON_LITERAL_NULL_CONVERSION = YES;
				CLANG_WARN_OBJC_IMPLICIT_RETAIN_SELF = YES;
				CLANG_WARN_OBJC_LITERAL_CONVERSION = YES;
				CLANG_WARN_OBJC_ROOT_CLASS = YES_ERROR;
				CLANG_WARN_QUOTED_INCLUDE_IN_FRAMEWORK_HEADER = YES;
				CLANG_WARN_RANGE_LOOP_ANALYSIS = YES;
				CLANG_WARN_STRICT_PROTOTYPES = YES;
				CLANG_WARN_SUSPICIOUS_MOVE = YES;
				CLANG_WARN_UNGUARDED_AVAILABILITY = YES_AGGRESSIVE;
				CLANG_WARN_UNREACHABLE_CODE = YES;
				CLANG_WARN__DUPLICATE_METHOD_MATCH = YES;
				COPY_PHASE_STRIP = NO;
				DEBUG_INFORMATION_FORMAT = "dwarf-with-dsym";
				ENABLE_NS_ASSERTIONS = NO;
				ENABLE_STRICT_OBJC_MSGSEND = YES;
				GCC_C_LANGUAGE_STANDARD = gnu11;
				GCC_NO_COMMON_BLOCKS = YES;
				GCC_WARN_64_TO_32_BIT_CONVERSION = YES;
				GCC_WARN_ABOUT_RETURN_TYPE = YES_ERROR;
				GCC_WARN_UNDECLARED_SELECTOR = YES;
				GCC_WARN_UNINITIALIZED_AUTOS = YES_AGGRESSIVE;
				GCC_WARN_UNUSED_FUNCTION = YES;
				GCC_WARN_UNUSED_VARIABLE = YES;
				IPHONEOS_DEPLOYMENT_TARGET = 15.5;
				MTL_ENABLE_DEBUG_INFO = NO;
				MTL_FAST_MATH = YES;
				SDKROOT = iphoneos;
				SWIFT_COMPILATION_MODE = wholemodule;
				SWIFT_OPTIMIZATION_LEVEL = "-O";
				VALIDATE_PRODUCT = YES;
			};
			name = Release;
		};
		17F0D74A2868543E00CF1A1B /* Debug */ = {
			isa = XCBuildConfiguration;
			baseConfigurationReference = 81E2CAC1EA5BCA23AEBCFBC3 /* Pods-IdusClone.debug.xcconfig */;
			buildSettings = {
				ASSETCATALOG_COMPILER_APPICON_NAME = AppIcon;
				ASSETCATALOG_COMPILER_GLOBAL_ACCENT_COLOR_NAME = AccentColor;
				CODE_SIGN_STYLE = Automatic;
				CURRENT_PROJECT_VERSION = 1;
				DEVELOPMENT_TEAM = 4U53S827ZJ;
				GENERATE_INFOPLIST_FILE = YES;
				INFOPLIST_FILE = IdusClone/Info.plist;
				INFOPLIST_KEY_UIApplicationSupportsIndirectInputEvents = YES;
				INFOPLIST_KEY_UILaunchStoryboardName = Splash;
				INFOPLIST_KEY_UIMainStoryboardFile = Splash;
				INFOPLIST_KEY_UISupportedInterfaceOrientations_iPad = "UIInterfaceOrientationPortrait UIInterfaceOrientationPortraitUpsideDown UIInterfaceOrientationLandscapeLeft UIInterfaceOrientationLandscapeRight";
				INFOPLIST_KEY_UISupportedInterfaceOrientations_iPhone = "UIInterfaceOrientationPortrait UIInterfaceOrientationLandscapeLeft UIInterfaceOrientationLandscapeRight";
				IPHONEOS_DEPLOYMENT_TARGET = 15.5;
				LD_RUNPATH_SEARCH_PATHS = (
					"$(inherited)",
					"@executable_path/Frameworks",
				);
				MARKETING_VERSION = 1.0;
				PRODUCT_BUNDLE_IDENTIFIER = Rooznn.IdusClone;
				PRODUCT_NAME = "$(TARGET_NAME)";
				SWIFT_EMIT_LOC_STRINGS = YES;
				SWIFT_VERSION = 5.0;
				TARGETED_DEVICE_FAMILY = "1,2";
			};
			name = Debug;
		};
		17F0D74B2868543E00CF1A1B /* Release */ = {
			isa = XCBuildConfiguration;
			baseConfigurationReference = 2DE60D8EA0953BA5B62003E5 /* Pods-IdusClone.release.xcconfig */;
			buildSettings = {
				ASSETCATALOG_COMPILER_APPICON_NAME = AppIcon;
				ASSETCATALOG_COMPILER_GLOBAL_ACCENT_COLOR_NAME = AccentColor;
				CODE_SIGN_STYLE = Automatic;
				CURRENT_PROJECT_VERSION = 1;
				DEVELOPMENT_TEAM = 4U53S827ZJ;
				GENERATE_INFOPLIST_FILE = YES;
				INFOPLIST_FILE = IdusClone/Info.plist;
				INFOPLIST_KEY_UIApplicationSupportsIndirectInputEvents = YES;
				INFOPLIST_KEY_UILaunchStoryboardName = Splash;
				INFOPLIST_KEY_UIMainStoryboardFile = Splash;
				INFOPLIST_KEY_UISupportedInterfaceOrientations_iPad = "UIInterfaceOrientationPortrait UIInterfaceOrientationPortraitUpsideDown UIInterfaceOrientationLandscapeLeft UIInterfaceOrientationLandscapeRight";
				INFOPLIST_KEY_UISupportedInterfaceOrientations_iPhone = "UIInterfaceOrientationPortrait UIInterfaceOrientationLandscapeLeft UIInterfaceOrientationLandscapeRight";
				IPHONEOS_DEPLOYMENT_TARGET = 15.5;
				LD_RUNPATH_SEARCH_PATHS = (
					"$(inherited)",
					"@executable_path/Frameworks",
				);
				MARKETING_VERSION = 1.0;
				PRODUCT_BUNDLE_IDENTIFIER = Rooznn.IdusClone;
				PRODUCT_NAME = "$(TARGET_NAME)";
				SWIFT_EMIT_LOC_STRINGS = YES;
				SWIFT_VERSION = 5.0;
				TARGETED_DEVICE_FAMILY = "1,2";
			};
			name = Release;
		};
		17F0D74D2868543E00CF1A1B /* Debug */ = {
			isa = XCBuildConfiguration;
			baseConfigurationReference = 8B82C909A3E4C389EFF4079E /* Pods-IdusCloneTests.debug.xcconfig */;
			buildSettings = {
				ALWAYS_EMBED_SWIFT_STANDARD_LIBRARIES = YES;
				BUNDLE_LOADER = "$(TEST_HOST)";
				CODE_SIGN_STYLE = Automatic;
				CURRENT_PROJECT_VERSION = 1;
				DEVELOPMENT_TEAM = 4U53S827ZJ;
				GENERATE_INFOPLIST_FILE = YES;
				IPHONEOS_DEPLOYMENT_TARGET = 15.5;
				MARKETING_VERSION = 1.0;
				PRODUCT_BUNDLE_IDENTIFIER = Rooznn.IdusCloneTests;
				PRODUCT_NAME = "$(TARGET_NAME)";
				SWIFT_EMIT_LOC_STRINGS = NO;
				SWIFT_VERSION = 5.0;
				TARGETED_DEVICE_FAMILY = "1,2";
				TEST_HOST = "$(BUILT_PRODUCTS_DIR)/IdusClone.app/IdusClone";
			};
			name = Debug;
		};
		17F0D74E2868543E00CF1A1B /* Release */ = {
			isa = XCBuildConfiguration;
			baseConfigurationReference = 0BCC9586F3C050EBB5FC7673 /* Pods-IdusCloneTests.release.xcconfig */;
			buildSettings = {
				ALWAYS_EMBED_SWIFT_STANDARD_LIBRARIES = YES;
				BUNDLE_LOADER = "$(TEST_HOST)";
				CODE_SIGN_STYLE = Automatic;
				CURRENT_PROJECT_VERSION = 1;
				DEVELOPMENT_TEAM = 4U53S827ZJ;
				GENERATE_INFOPLIST_FILE = YES;
				IPHONEOS_DEPLOYMENT_TARGET = 15.5;
				MARKETING_VERSION = 1.0;
				PRODUCT_BUNDLE_IDENTIFIER = Rooznn.IdusCloneTests;
				PRODUCT_NAME = "$(TARGET_NAME)";
				SWIFT_EMIT_LOC_STRINGS = NO;
				SWIFT_VERSION = 5.0;
				TARGETED_DEVICE_FAMILY = "1,2";
				TEST_HOST = "$(BUILT_PRODUCTS_DIR)/IdusClone.app/IdusClone";
			};
			name = Release;
		};
		17F0D7502868543E00CF1A1B /* Debug */ = {
			isa = XCBuildConfiguration;
			baseConfigurationReference = 2665CC38FDF6691A8ACAED2C /* Pods-IdusClone-IdusCloneUITests.debug.xcconfig */;
			buildSettings = {
				ALWAYS_EMBED_SWIFT_STANDARD_LIBRARIES = YES;
				CODE_SIGN_STYLE = Automatic;
				CURRENT_PROJECT_VERSION = 1;
				DEVELOPMENT_TEAM = 4U53S827ZJ;
				GENERATE_INFOPLIST_FILE = YES;
				MARKETING_VERSION = 1.0;
				PRODUCT_BUNDLE_IDENTIFIER = Rooznn.IdusCloneUITests;
				PRODUCT_NAME = "$(TARGET_NAME)";
				SWIFT_EMIT_LOC_STRINGS = NO;
				SWIFT_VERSION = 5.0;
				TARGETED_DEVICE_FAMILY = "1,2";
				TEST_TARGET_NAME = IdusClone;
			};
			name = Debug;
		};
		17F0D7512868543E00CF1A1B /* Release */ = {
			isa = XCBuildConfiguration;
			baseConfigurationReference = 4AAC67FDD6D39EFA2D599F86 /* Pods-IdusClone-IdusCloneUITests.release.xcconfig */;
			buildSettings = {
				ALWAYS_EMBED_SWIFT_STANDARD_LIBRARIES = YES;
				CODE_SIGN_STYLE = Automatic;
				CURRENT_PROJECT_VERSION = 1;
				DEVELOPMENT_TEAM = 4U53S827ZJ;
				GENERATE_INFOPLIST_FILE = YES;
				MARKETING_VERSION = 1.0;
				PRODUCT_BUNDLE_IDENTIFIER = Rooznn.IdusCloneUITests;
				PRODUCT_NAME = "$(TARGET_NAME)";
				SWIFT_EMIT_LOC_STRINGS = NO;
				SWIFT_VERSION = 5.0;
				TARGETED_DEVICE_FAMILY = "1,2";
				TEST_TARGET_NAME = IdusClone;
			};
			name = Release;
		};
/* End XCBuildConfiguration section */

/* Begin XCConfigurationList section */
		17F0D7172868543A00CF1A1B /* Build configuration list for PBXProject "IdusClone" */ = {
			isa = XCConfigurationList;
			buildConfigurations = (
				17F0D7472868543E00CF1A1B /* Debug */,
				17F0D7482868543E00CF1A1B /* Release */,
			);
			defaultConfigurationIsVisible = 0;
			defaultConfigurationName = Release;
		};
		17F0D7492868543E00CF1A1B /* Build configuration list for PBXNativeTarget "IdusClone" */ = {
			isa = XCConfigurationList;
			buildConfigurations = (
				17F0D74A2868543E00CF1A1B /* Debug */,
				17F0D74B2868543E00CF1A1B /* Release */,
			);
			defaultConfigurationIsVisible = 0;
			defaultConfigurationName = Release;
		};
		17F0D74C2868543E00CF1A1B /* Build configuration list for PBXNativeTarget "IdusCloneTests" */ = {
			isa = XCConfigurationList;
			buildConfigurations = (
				17F0D74D2868543E00CF1A1B /* Debug */,
				17F0D74E2868543E00CF1A1B /* Release */,
			);
			defaultConfigurationIsVisible = 0;
			defaultConfigurationName = Release;
		};
		17F0D74F2868543E00CF1A1B /* Build configuration list for PBXNativeTarget "IdusCloneUITests" */ = {
			isa = XCConfigurationList;
			buildConfigurations = (
				17F0D7502868543E00CF1A1B /* Debug */,
				17F0D7512868543E00CF1A1B /* Release */,
			);
			defaultConfigurationIsVisible = 0;
			defaultConfigurationName = Release;
		};
/* End XCConfigurationList section */

/* Begin XCVersionGroup section */
		17F0D7282868543A00CF1A1B /* IdusClone.xcdatamodeld */ = {
			isa = XCVersionGroup;
			children = (
				17F0D7292868543A00CF1A1B /* IdusClone.xcdatamodel */,
			);
			currentVersion = 17F0D7292868543A00CF1A1B /* IdusClone.xcdatamodel */;
			path = IdusClone.xcdatamodeld;
			sourceTree = "<group>";
			versionGroupType = wrapper.xcdatamodel;
		};
/* End XCVersionGroup section */
	};
	rootObject = 17F0D7142868543A00CF1A1B /* Project object */;
}
