// !$*UTF8*$!
{
	archiveVersion = 1;
	classes = {
	};
	objectVersion = 55;
	objects = {

/* Begin PBXBuildFile section */
		17E8654E286733CA0039312A /* AppDelegate.swift in Sources */ = {isa = PBXBuildFile; fileRef = 17E8654D286733CA0039312A /* AppDelegate.swift */; };
		17E86550286733CA0039312A /* SceneDelegate.swift in Sources */ = {isa = PBXBuildFile; fileRef = 17E8654F286733CA0039312A /* SceneDelegate.swift */; };
		17E86552286733CA0039312A /* ViewController.swift in Sources */ = {isa = PBXBuildFile; fileRef = 17E86551286733CA0039312A /* ViewController.swift */; };
		17E86555286733CA0039312A /* Main.storyboard in Resources */ = {isa = PBXBuildFile; fileRef = 17E86553286733CA0039312A /* Main.storyboard */; };
		17E86558286733CA0039312A /* idus.xcdatamodeld in Sources */ = {isa = PBXBuildFile; fileRef = 17E86556286733CA0039312A /* idus.xcdatamodeld */; };
		17E8655A286733CD0039312A /* Assets.xcassets in Resources */ = {isa = PBXBuildFile; fileRef = 17E86559286733CD0039312A /* Assets.xcassets */; };
		17E8655D286733CD0039312A /* LaunchScreen.storyboard in Resources */ = {isa = PBXBuildFile; fileRef = 17E8655B286733CD0039312A /* LaunchScreen.storyboard */; };
		17E86568286733CD0039312A /* idusTests.swift in Sources */ = {isa = PBXBuildFile; fileRef = 17E86567286733CD0039312A /* idusTests.swift */; };
		17E86572286733CD0039312A /* idusUITests.swift in Sources */ = {isa = PBXBuildFile; fileRef = 17E86571286733CD0039312A /* idusUITests.swift */; };
		17E86574286733CD0039312A /* idusUITestsLaunchTests.swift in Sources */ = {isa = PBXBuildFile; fileRef = 17E86573286733CD0039312A /* idusUITestsLaunchTests.swift */; };
/* End PBXBuildFile section */

/* Begin PBXContainerItemProxy section */
		17E86564286733CD0039312A /* PBXContainerItemProxy */ = {
			isa = PBXContainerItemProxy;
			containerPortal = 17E86542286733CA0039312A /* Project object */;
			proxyType = 1;
			remoteGlobalIDString = 17E86549286733CA0039312A;
			remoteInfo = idus;
		};
		17E8656E286733CD0039312A /* PBXContainerItemProxy */ = {
			isa = PBXContainerItemProxy;
			containerPortal = 17E86542286733CA0039312A /* Project object */;
			proxyType = 1;
			remoteGlobalIDString = 17E86549286733CA0039312A;
			remoteInfo = idus;
		};
/* End PBXContainerItemProxy section */

/* Begin PBXFileReference section */
		17E8654A286733CA0039312A /* idus.app */ = {isa = PBXFileReference; explicitFileType = wrapper.application; includeInIndex = 0; path = idus.app; sourceTree = BUILT_PRODUCTS_DIR; };
		17E8654D286733CA0039312A /* AppDelegate.swift */ = {isa = PBXFileReference; lastKnownFileType = sourcecode.swift; path = AppDelegate.swift; sourceTree = "<group>"; };
		17E8654F286733CA0039312A /* SceneDelegate.swift */ = {isa = PBXFileReference; lastKnownFileType = sourcecode.swift; path = SceneDelegate.swift; sourceTree = "<group>"; };
		17E86551286733CA0039312A /* ViewController.swift */ = {isa = PBXFileReference; lastKnownFileType = sourcecode.swift; path = ViewController.swift; sourceTree = "<group>"; };
		17E86554286733CA0039312A /* Base */ = {isa = PBXFileReference; lastKnownFileType = file.storyboard; name = Base; path = Base.lproj/Main.storyboard; sourceTree = "<group>"; };
		17E86557286733CA0039312A /* idus.xcdatamodel */ = {isa = PBXFileReference; lastKnownFileType = wrapper.xcdatamodel; path = idus.xcdatamodel; sourceTree = "<group>"; };
		17E86559286733CD0039312A /* Assets.xcassets */ = {isa = PBXFileReference; lastKnownFileType = folder.assetcatalog; path = Assets.xcassets; sourceTree = "<group>"; };
		17E8655C286733CD0039312A /* Base */ = {isa = PBXFileReference; lastKnownFileType = file.storyboard; name = Base; path = Base.lproj/LaunchScreen.storyboard; sourceTree = "<group>"; };
		17E8655E286733CD0039312A /* Info.plist */ = {isa = PBXFileReference; lastKnownFileType = text.plist.xml; path = Info.plist; sourceTree = "<group>"; };
		17E86563286733CD0039312A /* idusTests.xctest */ = {isa = PBXFileReference; explicitFileType = wrapper.cfbundle; includeInIndex = 0; path = idusTests.xctest; sourceTree = BUILT_PRODUCTS_DIR; };
		17E86567286733CD0039312A /* idusTests.swift */ = {isa = PBXFileReference; lastKnownFileType = sourcecode.swift; path = idusTests.swift; sourceTree = "<group>"; };
		17E8656D286733CD0039312A /* idusUITests.xctest */ = {isa = PBXFileReference; explicitFileType = wrapper.cfbundle; includeInIndex = 0; path = idusUITests.xctest; sourceTree = BUILT_PRODUCTS_DIR; };
		17E86571286733CD0039312A /* idusUITests.swift */ = {isa = PBXFileReference; lastKnownFileType = sourcecode.swift; path = idusUITests.swift; sourceTree = "<group>"; };
		17E86573286733CD0039312A /* idusUITestsLaunchTests.swift */ = {isa = PBXFileReference; lastKnownFileType = sourcecode.swift; path = idusUITestsLaunchTests.swift; sourceTree = "<group>"; };
/* End PBXFileReference section */

/* Begin PBXFrameworksBuildPhase section */
		17E86547286733CA0039312A /* Frameworks */ = {
			isa = PBXFrameworksBuildPhase;
			buildActionMask = 2147483647;
			files = (
			);
			runOnlyForDeploymentPostprocessing = 0;
		};
		17E86560286733CD0039312A /* Frameworks */ = {
			isa = PBXFrameworksBuildPhase;
			buildActionMask = 2147483647;
			files = (
			);
			runOnlyForDeploymentPostprocessing = 0;
		};
		17E8656A286733CD0039312A /* Frameworks */ = {
			isa = PBXFrameworksBuildPhase;
			buildActionMask = 2147483647;
			files = (
			);
			runOnlyForDeploymentPostprocessing = 0;
		};
/* End PBXFrameworksBuildPhase section */

/* Begin PBXGroup section */
		17E86541286733CA0039312A = {
			isa = PBXGroup;
			children = (
				17E8654C286733CA0039312A /* idus */,
				17E86566286733CD0039312A /* idusTests */,
				17E86570286733CD0039312A /* idusUITests */,
				17E8654B286733CA0039312A /* Products */,
			);
			sourceTree = "<group>";
		};
		17E8654B286733CA0039312A /* Products */ = {
			isa = PBXGroup;
			children = (
				17E8654A286733CA0039312A /* idus.app */,
				17E86563286733CD0039312A /* idusTests.xctest */,
				17E8656D286733CD0039312A /* idusUITests.xctest */,
			);
			name = Products;
			sourceTree = "<group>";
		};
		17E8654C286733CA0039312A /* idus */ = {
			isa = PBXGroup;
			children = (
				17E8654D286733CA0039312A /* AppDelegate.swift */,
				17E8654F286733CA0039312A /* SceneDelegate.swift */,
				17E86551286733CA0039312A /* ViewController.swift */,
				17E86553286733CA0039312A /* Main.storyboard */,
				17E86559286733CD0039312A /* Assets.xcassets */,
				17E8655B286733CD0039312A /* LaunchScreen.storyboard */,
				17E8655E286733CD0039312A /* Info.plist */,
				17E86556286733CA0039312A /* idus.xcdatamodeld */,
			);
			path = idus;
			sourceTree = "<group>";
		};
		17E86566286733CD0039312A /* idusTests */ = {
			isa = PBXGroup;
			children = (
				17E86567286733CD0039312A /* idusTests.swift */,
			);
			path = idusTests;
			sourceTree = "<group>";
		};
		17E86570286733CD0039312A /* idusUITests */ = {
			isa = PBXGroup;
			children = (
				17E86571286733CD0039312A /* idusUITests.swift */,
				17E86573286733CD0039312A /* idusUITestsLaunchTests.swift */,
			);
			path = idusUITests;
			sourceTree = "<group>";
		};
/* End PBXGroup section */

/* Begin PBXNativeTarget section */
		17E86549286733CA0039312A /* idus */ = {
			isa = PBXNativeTarget;
			buildConfigurationList = 17E86577286733CD0039312A /* Build configuration list for PBXNativeTarget "idus" */;
			buildPhases = (
				17E86546286733CA0039312A /* Sources */,
				17E86547286733CA0039312A /* Frameworks */,
				17E86548286733CA0039312A /* Resources */,
			);
			buildRules = (
			);
			dependencies = (
			);
			name = idus;
			productName = idus;
			productReference = 17E8654A286733CA0039312A /* idus.app */;
			productType = "com.apple.product-type.application";
		};
		17E86562286733CD0039312A /* idusTests */ = {
			isa = PBXNativeTarget;
			buildConfigurationList = 17E8657A286733CD0039312A /* Build configuration list for PBXNativeTarget "idusTests" */;
			buildPhases = (
				17E8655F286733CD0039312A /* Sources */,
				17E86560286733CD0039312A /* Frameworks */,
				17E86561286733CD0039312A /* Resources */,
			);
			buildRules = (
			);
			dependencies = (
				17E86565286733CD0039312A /* PBXTargetDependency */,
			);
			name = idusTests;
			productName = idusTests;
			productReference = 17E86563286733CD0039312A /* idusTests.xctest */;
			productType = "com.apple.product-type.bundle.unit-test";
		};
		17E8656C286733CD0039312A /* idusUITests */ = {
			isa = PBXNativeTarget;
			buildConfigurationList = 17E8657D286733CD0039312A /* Build configuration list for PBXNativeTarget "idusUITests" */;
			buildPhases = (
				17E86569286733CD0039312A /* Sources */,
				17E8656A286733CD0039312A /* Frameworks */,
				17E8656B286733CD0039312A /* Resources */,
			);
			buildRules = (
			);
			dependencies = (
				17E8656F286733CD0039312A /* PBXTargetDependency */,
			);
			name = idusUITests;
			productName = idusUITests;
			productReference = 17E8656D286733CD0039312A /* idusUITests.xctest */;
			productType = "com.apple.product-type.bundle.ui-testing";
		};
/* End PBXNativeTarget section */

/* Begin PBXProject section */
		17E86542286733CA0039312A /* Project object */ = {
			isa = PBXProject;
			attributes = {
				BuildIndependentTargetsInParallel = 1;
				LastSwiftUpdateCheck = 1340;
				LastUpgradeCheck = 1340;
				TargetAttributes = {
					17E86549286733CA0039312A = {
						CreatedOnToolsVersion = 13.4;
					};
					17E86562286733CD0039312A = {
						CreatedOnToolsVersion = 13.4;
						TestTargetID = 17E86549286733CA0039312A;
					};
					17E8656C286733CD0039312A = {
						CreatedOnToolsVersion = 13.4;
						TestTargetID = 17E86549286733CA0039312A;
					};
				};
			};
			buildConfigurationList = 17E86545286733CA0039312A /* Build configuration list for PBXProject "idus" */;
			compatibilityVersion = "Xcode 13.0";
			developmentRegion = en;
			hasScannedForEncodings = 0;
			knownRegions = (
				en,
				Base,
			);
			mainGroup = 17E86541286733CA0039312A;
			productRefGroup = 17E8654B286733CA0039312A /* Products */;
			projectDirPath = "";
			projectRoot = "";
			targets = (
				17E86549286733CA0039312A /* idus */,
				17E86562286733CD0039312A /* idusTests */,
				17E8656C286733CD0039312A /* idusUITests */,
			);
		};
/* End PBXProject section */

/* Begin PBXResourcesBuildPhase section */
		17E86548286733CA0039312A /* Resources */ = {
			isa = PBXResourcesBuildPhase;
			buildActionMask = 2147483647;
			files = (
				17E8655D286733CD0039312A /* LaunchScreen.storyboard in Resources */,
				17E8655A286733CD0039312A /* Assets.xcassets in Resources */,
				17E86555286733CA0039312A /* Main.storyboard in Resources */,
			);
			runOnlyForDeploymentPostprocessing = 0;
		};
		17E86561286733CD0039312A /* Resources */ = {
			isa = PBXResourcesBuildPhase;
			buildActionMask = 2147483647;
			files = (
			);
			runOnlyForDeploymentPostprocessing = 0;
		};
		17E8656B286733CD0039312A /* Resources */ = {
			isa = PBXResourcesBuildPhase;
			buildActionMask = 2147483647;
			files = (
			);
			runOnlyForDeploymentPostprocessing = 0;
		};
/* End PBXResourcesBuildPhase section */

/* Begin PBXSourcesBuildPhase section */
		17E86546286733CA0039312A /* Sources */ = {
			isa = PBXSourcesBuildPhase;
			buildActionMask = 2147483647;
			files = (
				17E86552286733CA0039312A /* ViewController.swift in Sources */,
				17E8654E286733CA0039312A /* AppDelegate.swift in Sources */,
				17E86558286733CA0039312A /* idus.xcdatamodeld in Sources */,
				17E86550286733CA0039312A /* SceneDelegate.swift in Sources */,
			);
			runOnlyForDeploymentPostprocessing = 0;
		};
		17E8655F286733CD0039312A /* Sources */ = {
			isa = PBXSourcesBuildPhase;
			buildActionMask = 2147483647;
			files = (
				17E86568286733CD0039312A /* idusTests.swift in Sources */,
			);
			runOnlyForDeploymentPostprocessing = 0;
		};
		17E86569286733CD0039312A /* Sources */ = {
			isa = PBXSourcesBuildPhase;
			buildActionMask = 2147483647;
			files = (
				17E86572286733CD0039312A /* idusUITests.swift in Sources */,
				17E86574286733CD0039312A /* idusUITestsLaunchTests.swift in Sources */,
			);
			runOnlyForDeploymentPostprocessing = 0;
		};
/* End PBXSourcesBuildPhase section */

/* Begin PBXTargetDependency section */
		17E86565286733CD0039312A /* PBXTargetDependency */ = {
			isa = PBXTargetDependency;
			target = 17E86549286733CA0039312A /* idus */;
			targetProxy = 17E86564286733CD0039312A /* PBXContainerItemProxy */;
		};
		17E8656F286733CD0039312A /* PBXTargetDependency */ = {
			isa = PBXTargetDependency;
			target = 17E86549286733CA0039312A /* idus */;
			targetProxy = 17E8656E286733CD0039312A /* PBXContainerItemProxy */;
		};
/* End PBXTargetDependency section */

/* Begin PBXVariantGroup section */
		17E86553286733CA0039312A /* Main.storyboard */ = {
			isa = PBXVariantGroup;
			children = (
				17E86554286733CA0039312A /* Base */,
			);
			name = Main.storyboard;
			sourceTree = "<group>";
		};
		17E8655B286733CD0039312A /* LaunchScreen.storyboard */ = {
			isa = PBXVariantGroup;
			children = (
				17E8655C286733CD0039312A /* Base */,
			);
			name = LaunchScreen.storyboard;
			sourceTree = "<group>";
		};
/* End PBXVariantGroup section */

/* Begin XCBuildConfiguration section */
		17E86575286733CD0039312A /* Debug */ = {
			isa = XCBuildConfiguration;
			buildSettings = {
				ALWAYS_SEARCH_USER_PATHS = NO;
				CLANG_ANALYZER_NONNULL = YES;
				CLANG_ANALYZER_NUMBER_OBJECT_CONVERSION = YES_AGGRESSIVE;
				CLANG_CXX_LANGUAGE_STANDARD = "gnu++17";
				CLANG_ENABLE_MODULES = YES;
				CLANG_ENABLE_OBJC_ARC = YES;
				CLANG_ENABLE_OBJC_WEAK = YES;
				CLANG_WARN_BLOCK_CAPTURE_AUTORELEASING = YES;
				CLANG_WARN_BOOL_CONVERSION = YES;
				CLANG_WARN_COMMA = YES;
				CLANG_WARN_CONSTANT_CONVERSION = YES;
				CLANG_WARN_DEPRECATED_OBJC_IMPLEMENTATIONS = YES;
				CLANG_WARN_DIRECT_OBJC_ISA_USAGE = YES_ERROR;
				CLANG_WARN_DOCUMENTATION_COMMENTS = YES;
				CLANG_WARN_EMPTY_BODY = YES;
				CLANG_WARN_ENUM_CONVERSION = YES;
				CLANG_WARN_INFINITE_RECURSION = YES;
				CLANG_WARN_INT_CONVERSION = YES;
				CLANG_WARN_NON_LITERAL_NULL_CONVERSION = YES;
				CLANG_WARN_OBJC_IMPLICIT_RETAIN_SELF = YES;
				CLANG_WARN_OBJC_LITERAL_CONVERSION = YES;
				CLANG_WARN_OBJC_ROOT_CLASS = YES_ERROR;
				CLANG_WARN_QUOTED_INCLUDE_IN_FRAMEWORK_HEADER = YES;
				CLANG_WARN_RANGE_LOOP_ANALYSIS = YES;
				CLANG_WARN_STRICT_PROTOTYPES = YES;
				CLANG_WARN_SUSPICIOUS_MOVE = YES;
				CLANG_WARN_UNGUARDED_AVAILABILITY = YES_AGGRESSIVE;
				CLANG_WARN_UNREACHABLE_CODE = YES;
				CLANG_WARN__DUPLICATE_METHOD_MATCH = YES;
				COPY_PHASE_STRIP = NO;
				DEBUG_INFORMATION_FORMAT = dwarf;
				ENABLE_STRICT_OBJC_MSGSEND = YES;
				ENABLE_TESTABILITY = YES;
				GCC_C_LANGUAGE_STANDARD = gnu11;
				GCC_DYNAMIC_NO_PIC = NO;
				GCC_NO_COMMON_BLOCKS = YES;
				GCC_OPTIMIZATION_LEVEL = 0;
				GCC_PREPROCESSOR_DEFINITIONS = (
					"DEBUG=1",
					"$(inherited)",
				);
				GCC_WARN_64_TO_32_BIT_CONVERSION = YES;
				GCC_WARN_ABOUT_RETURN_TYPE = YES_ERROR;
				GCC_WARN_UNDECLARED_SELECTOR = YES;
				GCC_WARN_UNINITIALIZED_AUTOS = YES_AGGRESSIVE;
				GCC_WARN_UNUSED_FUNCTION = YES;
				GCC_WARN_UNUSED_VARIABLE = YES;
				IPHONEOS_DEPLOYMENT_TARGET = 15.5;
				MTL_ENABLE_DEBUG_INFO = INCLUDE_SOURCE;
				MTL_FAST_MATH = YES;
				ONLY_ACTIVE_ARCH = YES;
				SDKROOT = iphoneos;
				SWIFT_ACTIVE_COMPILATION_CONDITIONS = DEBUG;
				SWIFT_OPTIMIZATION_LEVEL = "-Onone";
			};
			name = Debug;
		};
		17E86576286733CD0039312A /* Release */ = {
			isa = XCBuildConfiguration;
			buildSettings = {
				ALWAYS_SEARCH_USER_PATHS = NO;
				CLANG_ANALYZER_NONNULL = YES;
				CLANG_ANALYZER_NUMBER_OBJECT_CONVERSION = YES_AGGRESSIVE;
				CLANG_CXX_LANGUAGE_STANDARD = "gnu++17";
				CLANG_ENABLE_MODULES = YES;
				CLANG_ENABLE_OBJC_ARC = YES;
				CLANG_ENABLE_OBJC_WEAK = YES;
				CLANG_WARN_BLOCK_CAPTURE_AUTORELEASING = YES;
				CLANG_WARN_BOOL_CONVERSION = YES;
				CLANG_WARN_COMMA = YES;
				CLANG_WARN_CONSTANT_CONVERSION = YES;
				CLANG_WARN_DEPRECATED_OBJC_IMPLEMENTATIONS = YES;
				CLANG_WARN_DIRECT_OBJC_ISA_USAGE = YES_ERROR;
				CLANG_WARN_DOCUMENTATION_COMMENTS = YES;
				CLANG_WARN_EMPTY_BODY = YES;
				CLANG_WARN_ENUM_CONVERSION = YES;
				CLANG_WARN_INFINITE_RECURSION = YES;
				CLANG_WARN_INT_CONVERSION = YES;
				CLANG_WARN_NON_LITERAL_NULL_CONVERSION = YES;
				CLANG_WARN_OBJC_IMPLICIT_RETAIN_SELF = YES;
				CLANG_WARN_OBJC_LITERAL_CONVERSION = YES;
				CLANG_WARN_OBJC_ROOT_CLASS = YES_ERROR;
				CLANG_WARN_QUOTED_INCLUDE_IN_FRAMEWORK_HEADER = YES;
				CLANG_WARN_RANGE_LOOP_ANALYSIS = YES;
				CLANG_WARN_STRICT_PROTOTYPES = YES;
				CLANG_WARN_SUSPICIOUS_MOVE = YES;
				CLANG_WARN_UNGUARDED_AVAILABILITY = YES_AGGRESSIVE;
				CLANG_WARN_UNREACHABLE_CODE = YES;
				CLANG_WARN__DUPLICATE_METHOD_MATCH = YES;
				COPY_PHASE_STRIP = NO;
				DEBUG_INFORMATION_FORMAT = "dwarf-with-dsym";
				ENABLE_NS_ASSERTIONS = NO;
				ENABLE_STRICT_OBJC_MSGSEND = YES;
				GCC_C_LANGUAGE_STANDARD = gnu11;
				GCC_NO_COMMON_BLOCKS = YES;
				GCC_WARN_64_TO_32_BIT_CONVERSION = YES;
				GCC_WARN_ABOUT_RETURN_TYPE = YES_ERROR;
				GCC_WARN_UNDECLARED_SELECTOR = YES;
				GCC_WARN_UNINITIALIZED_AUTOS = YES_AGGRESSIVE;
				GCC_WARN_UNUSED_FUNCTION = YES;
				GCC_WARN_UNUSED_VARIABLE = YES;
				IPHONEOS_DEPLOYMENT_TARGET = 15.5;
				MTL_ENABLE_DEBUG_INFO = NO;
				MTL_FAST_MATH = YES;
				SDKROOT = iphoneos;
				SWIFT_COMPILATION_MODE = wholemodule;
				SWIFT_OPTIMIZATION_LEVEL = "-O";
				VALIDATE_PRODUCT = YES;
			};
			name = Release;
		};
		17E86578286733CD0039312A /* Debug */ = {
			isa = XCBuildConfiguration;
			buildSettings = {
				ASSETCATALOG_COMPILER_APPICON_NAME = AppIcon;
				ASSETCATALOG_COMPILER_GLOBAL_ACCENT_COLOR_NAME = AccentColor;
				CODE_SIGN_STYLE = Automatic;
				CURRENT_PROJECT_VERSION = 1;
				DEVELOPMENT_TEAM = 4U53S827ZJ;
				GENERATE_INFOPLIST_FILE = YES;
				INFOPLIST_FILE = idus/Info.plist;
				INFOPLIST_KEY_UIApplicationSupportsIndirectInputEvents = YES;
				INFOPLIST_KEY_UILaunchStoryboardName = LaunchScreen;
				INFOPLIST_KEY_UIMainStoryboardFile = Main;
				INFOPLIST_KEY_UISupportedInterfaceOrientations_iPad = "UIInterfaceOrientationPortrait UIInterfaceOrientationPortraitUpsideDown UIInterfaceOrientationLandscapeLeft UIInterfaceOrientationLandscapeRight";
				INFOPLIST_KEY_UISupportedInterfaceOrientations_iPhone = "UIInterfaceOrientationPortrait UIInterfaceOrientationLandscapeLeft UIInterfaceOrientationLandscapeRight";
				LD_RUNPATH_SEARCH_PATHS = (
					"$(inherited)",
					"@executable_path/Frameworks",
				);
				MARKETING_VERSION = 1.0;
				PRODUCT_BUNDLE_IDENTIFIER = Rooznn.idus;
				PRODUCT_NAME = "$(TARGET_NAME)";
				SWIFT_EMIT_LOC_STRINGS = YES;
				SWIFT_VERSION = 5.0;
				TARGETED_DEVICE_FAMILY = "1,2";
			};
			name = Debug;
		};
		17E86579286733CD0039312A /* Release */ = {
			isa = XCBuildConfiguration;
			buildSettings = {
				ASSETCATALOG_COMPILER_APPICON_NAME = AppIcon;
				ASSETCATALOG_COMPILER_GLOBAL_ACCENT_COLOR_NAME = AccentColor;
				CODE_SIGN_STYLE = Automatic;
				CURRENT_PROJECT_VERSION = 1;
				DEVELOPMENT_TEAM = 4U53S827ZJ;
				GENERATE_INFOPLIST_FILE = YES;
				INFOPLIST_FILE = idus/Info.plist;
				INFOPLIST_KEY_UIApplicationSupportsIndirectInputEvents = YES;
				INFOPLIST_KEY_UILaunchStoryboardName = LaunchScreen;
				INFOPLIST_KEY_UIMainStoryboardFile = Main;
				INFOPLIST_KEY_UISupportedInterfaceOrientations_iPad = "UIInterfaceOrientationPortrait UIInterfaceOrientationPortraitUpsideDown UIInterfaceOrientationLandscapeLeft UIInterfaceOrientationLandscapeRight";
				INFOPLIST_KEY_UISupportedInterfaceOrientations_iPhone = "UIInterfaceOrientationPortrait UIInterfaceOrientationLandscapeLeft UIInterfaceOrientationLandscapeRight";
				LD_RUNPATH_SEARCH_PATHS = (
					"$(inherited)",
					"@executable_path/Frameworks",
				);
				MARKETING_VERSION = 1.0;
				PRODUCT_BUNDLE_IDENTIFIER = Rooznn.idus;
				PRODUCT_NAME = "$(TARGET_NAME)";
				SWIFT_EMIT_LOC_STRINGS = YES;
				SWIFT_VERSION = 5.0;
				TARGETED_DEVICE_FAMILY = "1,2";
			};
			name = Release;
		};
		17E8657B286733CD0039312A /* Debug */ = {
			isa = XCBuildConfiguration;
			buildSettings = {
				ALWAYS_EMBED_SWIFT_STANDARD_LIBRARIES = YES;
				BUNDLE_LOADER = "$(TEST_HOST)";
				CODE_SIGN_STYLE = Automatic;
				CURRENT_PROJECT_VERSION = 1;
				DEVELOPMENT_TEAM = 4U53S827ZJ;
				GENERATE_INFOPLIST_FILE = YES;
				IPHONEOS_DEPLOYMENT_TARGET = 15.5;
				MARKETING_VERSION = 1.0;
				PRODUCT_BUNDLE_IDENTIFIER = Rooznn.idusTests;
				PRODUCT_NAME = "$(TARGET_NAME)";
				SWIFT_EMIT_LOC_STRINGS = NO;
				SWIFT_VERSION = 5.0;
				TARGETED_DEVICE_FAMILY = "1,2";
				TEST_HOST = "$(BUILT_PRODUCTS_DIR)/idus.app/idus";
			};
			name = Debug;
		};
		17E8657C286733CD0039312A /* Release */ = {
			isa = XCBuildConfiguration;
			buildSettings = {
				ALWAYS_EMBED_SWIFT_STANDARD_LIBRARIES = YES;
				BUNDLE_LOADER = "$(TEST_HOST)";
				CODE_SIGN_STYLE = Automatic;
				CURRENT_PROJECT_VERSION = 1;
				DEVELOPMENT_TEAM = 4U53S827ZJ;
				GENERATE_INFOPLIST_FILE = YES;
				IPHONEOS_DEPLOYMENT_TARGET = 15.5;
				MARKETING_VERSION = 1.0;
				PRODUCT_BUNDLE_IDENTIFIER = Rooznn.idusTests;
				PRODUCT_NAME = "$(TARGET_NAME)";
				SWIFT_EMIT_LOC_STRINGS = NO;
				SWIFT_VERSION = 5.0;
				TARGETED_DEVICE_FAMILY = "1,2";
				TEST_HOST = "$(BUILT_PRODUCTS_DIR)/idus.app/idus";
			};
			name = Release;
		};
		17E8657E286733CD0039312A /* Debug */ = {
			isa = XCBuildConfiguration;
			buildSettings = {
				ALWAYS_EMBED_SWIFT_STANDARD_LIBRARIES = YES;
				CODE_SIGN_STYLE = Automatic;
				CURRENT_PROJECT_VERSION = 1;
				DEVELOPMENT_TEAM = 4U53S827ZJ;
				GENERATE_INFOPLIST_FILE = YES;
				MARKETING_VERSION = 1.0;
				PRODUCT_BUNDLE_IDENTIFIER = Rooznn.idusUITests;
				PRODUCT_NAME = "$(TARGET_NAME)";
				SWIFT_EMIT_LOC_STRINGS = NO;
				SWIFT_VERSION = 5.0;
				TARGETED_DEVICE_FAMILY = "1,2";
				TEST_TARGET_NAME = idus;
			};
			name = Debug;
		};
		17E8657F286733CD0039312A /* Release */ = {
			isa = XCBuildConfiguration;
			buildSettings = {
				ALWAYS_EMBED_SWIFT_STANDARD_LIBRARIES = YES;
				CODE_SIGN_STYLE = Automatic;
				CURRENT_PROJECT_VERSION = 1;
				DEVELOPMENT_TEAM = 4U53S827ZJ;
				GENERATE_INFOPLIST_FILE = YES;
				MARKETING_VERSION = 1.0;
				PRODUCT_BUNDLE_IDENTIFIER = Rooznn.idusUITests;
				PRODUCT_NAME = "$(TARGET_NAME)";
				SWIFT_EMIT_LOC_STRINGS = NO;
				SWIFT_VERSION = 5.0;
				TARGETED_DEVICE_FAMILY = "1,2";
				TEST_TARGET_NAME = idus;
			};
			name = Release;
		};
/* End XCBuildConfiguration section */

/* Begin XCConfigurationList section */
		17E86545286733CA0039312A /* Build configuration list for PBXProject "idus" */ = {
			isa = XCConfigurationList;
			buildConfigurations = (
				17E86575286733CD0039312A /* Debug */,
				17E86576286733CD0039312A /* Release */,
			);
			defaultConfigurationIsVisible = 0;
			defaultConfigurationName = Release;
		};
		17E86577286733CD0039312A /* Build configuration list for PBXNativeTarget "idus" */ = {
			isa = XCConfigurationList;
			buildConfigurations = (
				17E86578286733CD0039312A /* Debug */,
				17E86579286733CD0039312A /* Release */,
			);
			defaultConfigurationIsVisible = 0;
			defaultConfigurationName = Release;
		};
		17E8657A286733CD0039312A /* Build configuration list for PBXNativeTarget "idusTests" */ = {
			isa = XCConfigurationList;
			buildConfigurations = (
				17E8657B286733CD0039312A /* Debug */,
				17E8657C286733CD0039312A /* Release */,
			);
			defaultConfigurationIsVisible = 0;
			defaultConfigurationName = Release;
		};
		17E8657D286733CD0039312A /* Build configuration list for PBXNativeTarget "idusUITests" */ = {
			isa = XCConfigurationList;
			buildConfigurations = (
				17E8657E286733CD0039312A /* Debug */,
				17E8657F286733CD0039312A /* Release */,
			);
			defaultConfigurationIsVisible = 0;
			defaultConfigurationName = Release;
		};
/* End XCConfigurationList section */

/* Begin XCVersionGroup section */
		17E86556286733CA0039312A /* idus.xcdatamodeld */ = {
			isa = XCVersionGroup;
			children = (
				17E86557286733CA0039312A /* idus.xcdatamodel */,
			);
			currentVersion = 17E86557286733CA0039312A /* idus.xcdatamodel */;
			path = idus.xcdatamodeld;
			sourceTree = "<group>";
			versionGroupType = wrapper.xcdatamodel;
		};
/* End XCVersionGroup section */
	};
	rootObject = 17E86542286733CA0039312A /* Project object */;
}
