PODS:
  - Alamofire (5.6.1)
  - KakaoSDKAuth (2.10.1):
    - KakaoSDKCommon (= 2.10.1)
  - KakaoSDKCommon (2.10.1):
    - KakaoSDKCommon/Common (= 2.10.1)
    - KakaoSDKCommon/Network (= 2.10.1)
  - KakaoSDKCommon/Common (2.10.1)
  - KakaoSDKCommon/Network (2.10.1):
    - Alamofire (~> 5.1)
    - KakaoSDKCommon/Common (= 2.10.1)
  - KakaoSDKUser (2.10.1):
    - KakaoSDKAuth (= 2.10.1)
  - MaterialComponents/Availability (124.2.0)
  - MaterialComponents/BottomSheet (124.2.0):
    - MaterialComponents/Elevation
    - MaterialComponents/private/KeyboardWatcher
    - MaterialComponents/private/Math
    - MaterialComponents/ShadowElevations
    - MaterialComponents/ShadowLayer
    - MaterialComponents/ShapeLibrary
    - MaterialComponents/Shapes
  - MaterialComponents/Elevation (124.2.0):
    - MaterialComponents/Availability
    - MaterialComponents/private/Color
    - MaterialComponents/private/Math
  - MaterialComponents/private/Application (124.2.0)
  - MaterialComponents/private/Color (124.2.0):
    - MaterialComponents/Availability
  - MaterialComponents/private/KeyboardWatcher (124.2.0):
    - MaterialComponents/private/Application
  - MaterialComponents/private/Math (124.2.0)
  - MaterialComponents/ShadowElevations (124.2.0)
  - MaterialComponents/ShadowLayer (124.2.0):
    - MaterialComponents/ShadowElevations
  - MaterialComponents/ShapeLibrary (124.2.0):
    - MaterialComponents/private/Math
    - MaterialComponents/Shapes
  - MaterialComponents/Shapes (124.2.0):
    - MaterialComponents/private/Color
    - MaterialComponents/private/Math
    - MaterialComponents/ShadowLayer
  - Pageboy (3.6.2)
  - Tabman (2.12.0):
    - Pageboy (~> 3.6.0)

DEPENDENCIES:
  - KakaoSDKAuth
  - KakaoSDKCommon
  - KakaoSDKUser
  - MaterialComponents/BottomSheet
  - Tabman

SPEC REPOS:
  trunk:
    - Alamofire
    - KakaoSDKAuth
    - KakaoSDKCommon
    - KakaoSDKUser
    - MaterialComponents
    - Pageboy
    - Tabman

SPEC CHECKSUMS:
  Alamofire: 87bd8c952f9a4454320fce00d9cc3de57bcadaf5
  KakaoSDKAuth: b4fec62192c2ac8a9375847f666c0932e38afeb5
  KakaoSDKCommon: 4989e3bae5f4884903bc1df7134e13d0e903d587
  KakaoSDKUser: 5c5fd4b5864e8b5ac9587fdbb473daf2fa675abf
  MaterialComponents: 1a9b2d9d45b1601ae544de85089adc4c464306d4
  Pageboy: cf121b9dd48c63f3f281b2a9ec93d02e0f23879b
  Tabman: 447a50447ed2869c39ab3b1a779327e43e067c4e

PODFILE CHECKSUM: f1e7347c5fa1a9f63fb1aa594b71784c15d3aae4

COCOAPODS: 1.11.3
